// !$*UTF8*$!
{
	archiveVersion = 1;
	classes = {
	};
	objectVersion = 48;
	objects = {

/* Begin PBXBuildFile section */
		F00CB96C20272DA700681E0D /* libboost_log_setup-mt.dylib in Frameworks */ = {isa = PBXBuildFile; fileRef = F00CB94820272DA500681E0D /* libboost_log_setup-mt.dylib */; };
		F00CB97320272DA700681E0D /* libboost_system-mt.dylib in Frameworks */ = {isa = PBXBuildFile; fileRef = F00CB94F20272DA500681E0D /* libboost_system-mt.dylib */; };
		F00CB97A20272DA700681E0D /* libboost_timer-mt.dylib in Frameworks */ = {isa = PBXBuildFile; fileRef = F00CB95620272DA600681E0D /* libboost_timer-mt.dylib */; };
		F0619FA2202737B70059CF22 /* sound.cpp in Sources */ = {isa = PBXBuildFile; fileRef = F0619FA0202737B70059CF22 /* sound.cpp */; settings = {COMPILER_FLAGS = "-DBOOST_LOG_DYN_LINK"; }; };
		F070E8CA202723C00091F41C /* libboost_program_options-mt.dylib in Frameworks */ = {isa = PBXBuildFile; fileRef = F070E8C9202723C00091F41C /* libboost_program_options-mt.dylib */; };
		F09052EC20261D8400B5CDF0 /* main.cpp in Sources */ = {isa = PBXBuildFile; fileRef = F09052EB20261D8400B5CDF0 /* main.cpp */; settings = {COMPILER_FLAGS = "-DBOOST_LOG_DYN_LINK"; }; };
		F09052F420261DC800B5CDF0 /* clock.cpp in Sources */ = {isa = PBXBuildFile; fileRef = F09052F220261DC800B5CDF0 /* clock.cpp */; settings = {COMPILER_FLAGS = "-DBOOST_LOG_DYN_LINK"; }; };
		F0A514B42026275F00003BCF /* libboost_log-mt.dylib in Frameworks */ = {isa = PBXBuildFile; fileRef = F0A514B32026275F00003BCF /* libboost_log-mt.dylib */; };
		F0A514B620262C1B00003BCF /* libboost_timer-mt.a in Frameworks */ = {isa = PBXBuildFile; fileRef = F0A514B520262C1B00003BCF /* libboost_timer-mt.a */; };
/* End PBXBuildFile section */

/* Begin PBXCopyFilesBuildPhase section */
		F09052E620261D8400B5CDF0 /* CopyFiles */ = {
			isa = PBXCopyFilesBuildPhase;
			buildActionMask = 2147483647;
			dstPath = /usr/share/man/man1/;
			dstSubfolderSpec = 0;
			files = (
			);
			runOnlyForDeploymentPostprocessing = 1;
		};
/* End PBXCopyFilesBuildPhase section */

/* Begin PBXFileReference section */
		F00CB93F20272D2200681E0D /* libboost_exception-mt.a */ = {isa = PBXFileReference; lastKnownFileType = archive.ar; name = "libboost_exception-mt.a"; path = "../../../../../opt/local/lib/libboost_exception-mt.a"; sourceTree = "<group>"; };
		F00CB94120272DA500681E0D /* libboost_random-mt.dylib */ = {isa = PBXFileReference; lastKnownFileType = "compiled.mach-o.dylib"; name = "libboost_random-mt.dylib"; path = "../../../../../opt/local/lib/libboost_random-mt.dylib"; sourceTree = "<group>"; };
		F00CB94220272DA500681E0D /* libboost_signals-mt.dylib */ = {isa = PBXFileReference; lastKnownFileType = "compiled.mach-o.dylib"; name = "libboost_signals-mt.dylib"; path = "../../../../../opt/local/lib/libboost_signals-mt.dylib"; sourceTree = "<group>"; };
		F00CB94320272DA500681E0D /* libboost_type_erasure-mt.dylib */ = {isa = PBXFileReference; lastKnownFileType = "compiled.mach-o.dylib"; name = "libboost_type_erasure-mt.dylib"; path = "../../../../../opt/local/lib/libboost_type_erasure-mt.dylib"; sourceTree = "<group>"; };
		F00CB94420272DA500681E0D /* libboost_atomic-mt.dylib */ = {isa = PBXFileReference; lastKnownFileType = "compiled.mach-o.dylib"; name = "libboost_atomic-mt.dylib"; path = "../../../../../opt/local/lib/libboost_atomic-mt.dylib"; sourceTree = "<group>"; };
		F00CB94520272DA500681E0D /* libboost_math_tr1l-mt.dylib */ = {isa = PBXFileReference; lastKnownFileType = "compiled.mach-o.dylib"; name = "libboost_math_tr1l-mt.dylib"; path = "../../../../../opt/local/lib/libboost_math_tr1l-mt.dylib"; sourceTree = "<group>"; };
		F00CB94620272DA500681E0D /* libboost_numpy-mt.dylib */ = {isa = PBXFileReference; lastKnownFileType = "compiled.mach-o.dylib"; name = "libboost_numpy-mt.dylib"; path = "../../../../../opt/local/lib/libboost_numpy-mt.dylib"; sourceTree = "<group>"; };
		F00CB94720272DA500681E0D /* libboost_chrono-mt.a */ = {isa = PBXFileReference; lastKnownFileType = archive.ar; name = "libboost_chrono-mt.a"; path = "../../../../../opt/local/lib/libboost_chrono-mt.a"; sourceTree = "<group>"; };
		F00CB94820272DA500681E0D /* libboost_log_setup-mt.dylib */ = {isa = PBXFileReference; lastKnownFileType = "compiled.mach-o.dylib"; name = "libboost_log_setup-mt.dylib"; path = "../../../../../opt/local/lib/libboost_log_setup-mt.dylib"; sourceTree = "<group>"; };
		F00CB94920272DA500681E0D /* libboost_math_c99f-mt.dylib */ = {isa = PBXFileReference; lastKnownFileType = "compiled.mach-o.dylib"; name = "libboost_math_c99f-mt.dylib"; path = "../../../../../opt/local/lib/libboost_math_c99f-mt.dylib"; sourceTree = "<group>"; };
		F00CB94A20272DA500681E0D /* libboost_math_c99l-mt.dylib */ = {isa = PBXFileReference; lastKnownFileType = "compiled.mach-o.dylib"; name = "libboost_math_c99l-mt.dylib"; path = "../../../../../opt/local/lib/libboost_math_c99l-mt.dylib"; sourceTree = "<group>"; };
		F00CB94B20272DA500681E0D /* libboost_regex-mt.dylib */ = {isa = PBXFileReference; lastKnownFileType = "compiled.mach-o.dylib"; name = "libboost_regex-mt.dylib"; path = "../../../../../opt/local/lib/libboost_regex-mt.dylib"; sourceTree = "<group>"; };
		F00CB94C20272DA500681E0D /* libboost_stacktrace_basic-mt.dylib */ = {isa = PBXFileReference; lastKnownFileType = "compiled.mach-o.dylib"; name = "libboost_stacktrace_basic-mt.dylib"; path = "../../../../../opt/local/lib/libboost_stacktrace_basic-mt.dylib"; sourceTree = "<group>"; };
		F00CB94D20272DA500681E0D /* libboost_stacktrace_noop-mt.dylib */ = {isa = PBXFileReference; lastKnownFileType = "compiled.mach-o.dylib"; name = "libboost_stacktrace_noop-mt.dylib"; path = "../../../../../opt/local/lib/libboost_stacktrace_noop-mt.dylib"; sourceTree = "<group>"; };
		F00CB94E20272DA500681E0D /* libboost_locale-mt.dylib */ = {isa = PBXFileReference; lastKnownFileType = "compiled.mach-o.dylib"; name = "libboost_locale-mt.dylib"; path = "../../../../../opt/local/lib/libboost_locale-mt.dylib"; sourceTree = "<group>"; };
		F00CB94F20272DA500681E0D /* libboost_system-mt.dylib */ = {isa = PBXFileReference; lastKnownFileType = "compiled.mach-o.dylib"; name = "libboost_system-mt.dylib"; path = "../../../../../opt/local/lib/libboost_system-mt.dylib"; sourceTree = "<group>"; };
		F00CB95020272DA600681E0D /* libboost_iostreams-mt.dylib */ = {isa = PBXFileReference; lastKnownFileType = "compiled.mach-o.dylib"; name = "libboost_iostreams-mt.dylib"; path = "../../../../../opt/local/lib/libboost_iostreams-mt.dylib"; sourceTree = "<group>"; };
		F00CB95120272DA600681E0D /* libboost_filesystem-mt.dylib */ = {isa = PBXFileReference; lastKnownFileType = "compiled.mach-o.dylib"; name = "libboost_filesystem-mt.dylib"; path = "../../../../../opt/local/lib/libboost_filesystem-mt.dylib"; sourceTree = "<group>"; };
		F00CB95220272DA600681E0D /* libboost_container-mt.dylib */ = {isa = PBXFileReference; lastKnownFileType = "compiled.mach-o.dylib"; name = "libboost_container-mt.dylib"; path = "../../../../../opt/local/lib/libboost_container-mt.dylib"; sourceTree = "<group>"; };
		F00CB95320272DA600681E0D /* libboost_serialization-mt.dylib */ = {isa = PBXFileReference; lastKnownFileType = "compiled.mach-o.dylib"; name = "libboost_serialization-mt.dylib"; path = "../../../../../opt/local/lib/libboost_serialization-mt.dylib"; sourceTree = "<group>"; };
		F00CB95420272DA600681E0D /* libboost_context-mt.dylib */ = {isa = PBXFileReference; lastKnownFileType = "compiled.mach-o.dylib"; name = "libboost_context-mt.dylib"; path = "../../../../../opt/local/lib/libboost_context-mt.dylib"; sourceTree = "<group>"; };
		F00CB95520272DA600681E0D /* libboost_chrono-mt.dylib */ = {isa = PBXFileReference; lastKnownFileType = "compiled.mach-o.dylib"; name = "libboost_chrono-mt.dylib"; path = "../../../../../opt/local/lib/libboost_chrono-mt.dylib"; sourceTree = "<group>"; };
		F00CB95620272DA600681E0D /* libboost_timer-mt.dylib */ = {isa = PBXFileReference; lastKnownFileType = "compiled.mach-o.dylib"; name = "libboost_timer-mt.dylib"; path = "../../../../../opt/local/lib/libboost_timer-mt.dylib"; sourceTree = "<group>"; };
		F00CB95720272DA600681E0D /* libboost_unit_test_framework-mt.a */ = {isa = PBXFileReference; lastKnownFileType = archive.ar; name = "libboost_unit_test_framework-mt.a"; path = "../../../../../opt/local/lib/libboost_unit_test_framework-mt.a"; sourceTree = "<group>"; };
		F00CB95820272DA600681E0D /* libboost_prg_exec_monitor-mt.dylib */ = {isa = PBXFileReference; lastKnownFileType = "compiled.mach-o.dylib"; name = "libboost_prg_exec_monitor-mt.dylib"; path = "../../../../../opt/local/lib/libboost_prg_exec_monitor-mt.dylib"; sourceTree = "<group>"; };
		F00CB95920272DA600681E0D /* libboost_graph-mt.dylib */ = {isa = PBXFileReference; lastKnownFileType = "compiled.mach-o.dylib"; name = "libboost_graph-mt.dylib"; path = "../../../../../opt/local/lib/libboost_graph-mt.dylib"; sourceTree = "<group>"; };
		F00CB95A20272DA600681E0D /* libboost_unit_test_framework-mt.dylib */ = {isa = PBXFileReference; lastKnownFileType = "compiled.mach-o.dylib"; name = "libboost_unit_test_framework-mt.dylib"; path = "../../../../../opt/local/lib/libboost_unit_test_framework-mt.dylib"; sourceTree = "<group>"; };
		F00CB95B20272DA600681E0D /* libboost_math_tr1-mt.dylib */ = {isa = PBXFileReference; lastKnownFileType = "compiled.mach-o.dylib"; name = "libboost_math_tr1-mt.dylib"; path = "../../../../../opt/local/lib/libboost_math_tr1-mt.dylib"; sourceTree = "<group>"; };
		F00CB95C20272DA600681E0D /* libboost_wserialization-mt.dylib */ = {isa = PBXFileReference; lastKnownFileType = "compiled.mach-o.dylib"; name = "libboost_wserialization-mt.dylib"; path = "../../../../../opt/local/lib/libboost_wserialization-mt.dylib"; sourceTree = "<group>"; };
		F00CB95D20272DA600681E0D /* libboost_math_c99-mt.dylib */ = {isa = PBXFileReference; lastKnownFileType = "compiled.mach-o.dylib"; name = "libboost_math_c99-mt.dylib"; path = "../../../../../opt/local/lib/libboost_math_c99-mt.dylib"; sourceTree = "<group>"; };
		F00CB95E20272DA600681E0D /* libboost_date_time-mt.dylib */ = {isa = PBXFileReference; lastKnownFileType = "compiled.mach-o.dylib"; name = "libboost_date_time-mt.dylib"; path = "../../../../../opt/local/lib/libboost_date_time-mt.dylib"; sourceTree = "<group>"; };
		F00CB95F20272DA600681E0D /* libboost_python-mt.dylib */ = {isa = PBXFileReference; lastKnownFileType = "compiled.mach-o.dylib"; name = "libboost_python-mt.dylib"; path = "../../../../../opt/local/lib/libboost_python-mt.dylib"; sourceTree = "<group>"; };
		F00CB96020272DA600681E0D /* libboost_coroutine-mt.dylib */ = {isa = PBXFileReference; lastKnownFileType = "compiled.mach-o.dylib"; name = "libboost_coroutine-mt.dylib"; path = "../../../../../opt/local/lib/libboost_coroutine-mt.dylib"; sourceTree = "<group>"; };
		F00CB96120272DA600681E0D /* libboost_wave-mt.dylib */ = {isa = PBXFileReference; lastKnownFileType = "compiled.mach-o.dylib"; name = "libboost_wave-mt.dylib"; path = "../../../../../opt/local/lib/libboost_wave-mt.dylib"; sourceTree = "<group>"; };
		F00CB96220272DA600681E0D /* libboost_test_exec_monitor-mt.a */ = {isa = PBXFileReference; lastKnownFileType = archive.ar; name = "libboost_test_exec_monitor-mt.a"; path = "../../../../../opt/local/lib/libboost_test_exec_monitor-mt.a"; sourceTree = "<group>"; };
		F00CB96320272DA600681E0D /* libboost_math_tr1f-mt.dylib */ = {isa = PBXFileReference; lastKnownFileType = "compiled.mach-o.dylib"; name = "libboost_math_tr1f-mt.dylib"; path = "../../../../../opt/local/lib/libboost_math_tr1f-mt.dylib"; sourceTree = "<group>"; };
		F00CB96420272DA600681E0D /* libboost_stacktrace_addr2line-mt.dylib */ = {isa = PBXFileReference; lastKnownFileType = "compiled.mach-o.dylib"; name = "libboost_stacktrace_addr2line-mt.dylib"; path = "../../../../../opt/local/lib/libboost_stacktrace_addr2line-mt.dylib"; sourceTree = "<group>"; };
		F0619FA0202737B70059CF22 /* sound.cpp */ = {isa = PBXFileReference; lastKnownFileType = sourcecode.cpp.cpp; path = sound.cpp; sourceTree = "<group>"; };
		F0619FA1202737B70059CF22 /* sound.hpp */ = {isa = PBXFileReference; lastKnownFileType = sourcecode.cpp.h; path = sound.hpp; sourceTree = "<group>"; };
		F070E8C9202723C00091F41C /* libboost_program_options-mt.dylib */ = {isa = PBXFileReference; lastKnownFileType = "compiled.mach-o.dylib"; name = "libboost_program_options-mt.dylib"; path = "../../../../../opt/local/lib/libboost_program_options-mt.dylib"; sourceTree = "<group>"; };
		F08D8AA720275AF700CA4000 /* libgstplayer-1.0.a */ = {isa = PBXFileReference; lastKnownFileType = archive.ar; name = "libgstplayer-1.0.a"; path = "../../../../../opt/local/lib/libgstplayer-1.0.a"; sourceTree = "<group>"; };
		F08D8AA820275AF800CA4000 /* libgstbadbase-1.0.a */ = {isa = PBXFileReference; lastKnownFileType = archive.ar; name = "libgstbadbase-1.0.a"; path = "../../../../../opt/local/lib/libgstbadbase-1.0.a"; sourceTree = "<group>"; };
		F08D8AA920275AF800CA4000 /* libgstphotography-1.0.a */ = {isa = PBXFileReference; lastKnownFileType = archive.ar; name = "libgstphotography-1.0.a"; path = "../../../../../opt/local/lib/libgstphotography-1.0.a"; sourceTree = "<group>"; };
		F08D8AAA20275AF800CA4000 /* libgstbasecamerabinsrc-1.0.a */ = {isa = PBXFileReference; lastKnownFileType = archive.ar; name = "libgstbasecamerabinsrc-1.0.a"; path = "../../../../../opt/local/lib/libgstbasecamerabinsrc-1.0.a"; sourceTree = "<group>"; };
		F08D8AAB20275AF800CA4000 /* libgstmpegts-1.0.a */ = {isa = PBXFileReference; lastKnownFileType = archive.ar; name = "libgstmpegts-1.0.a"; path = "../../../../../opt/local/lib/libgstmpegts-1.0.a"; sourceTree = "<group>"; };
		F08D8AAC20275AF800CA4000 /* libgstbadallocators-1.0.a */ = {isa = PBXFileReference; lastKnownFileType = archive.ar; name = "libgstbadallocators-1.0.a"; path = "../../../../../opt/local/lib/libgstbadallocators-1.0.a"; sourceTree = "<group>"; };
		F08D8AAD20275AF800CA4000 /* libgstbadbase-1.0.0.dylib */ = {isa = PBXFileReference; lastKnownFileType = "compiled.mach-o.dylib"; name = "libgstbadbase-1.0.0.dylib"; path = "../../../../../opt/local/lib/libgstbadbase-1.0.0.dylib"; sourceTree = "<group>"; };
		F08D8AAE20275AF800CA4000 /* libgstbadvideo-1.0.0.dylib */ = {isa = PBXFileReference; lastKnownFileType = "compiled.mach-o.dylib"; name = "libgstbadvideo-1.0.0.dylib"; path = "../../../../../opt/local/lib/libgstbadvideo-1.0.0.dylib"; sourceTree = "<group>"; };
		F08D8AAF20275AF800CA4000 /* libgstbadvideo-1.0.a */ = {isa = PBXFileReference; lastKnownFileType = archive.ar; name = "libgstbadvideo-1.0.a"; path = "../../../../../opt/local/lib/libgstbadvideo-1.0.a"; sourceTree = "<group>"; };
		F08D8AB020275AF800CA4000 /* libgstbadallocators-1.0.0.dylib */ = {isa = PBXFileReference; lastKnownFileType = "compiled.mach-o.dylib"; name = "libgstbadallocators-1.0.0.dylib"; path = "../../../../../opt/local/lib/libgstbadallocators-1.0.0.dylib"; sourceTree = "<group>"; };
		F08D8AB120275AF800CA4000 /* libgstbadaudio-1.0.a */ = {isa = PBXFileReference; lastKnownFileType = archive.ar; name = "libgstbadaudio-1.0.a"; path = "../../../../../opt/local/lib/libgstbadaudio-1.0.a"; sourceTree = "<group>"; };
		F08D8AB220275AF800CA4000 /* libgstinsertbin-1.0.0.dylib */ = {isa = PBXFileReference; lastKnownFileType = "compiled.mach-o.dylib"; name = "libgstinsertbin-1.0.0.dylib"; path = "../../../../../opt/local/lib/libgstinsertbin-1.0.0.dylib"; sourceTree = "<group>"; };
		F08D8AB320275AF800CA4000 /* libgstplayer-1.0.0.dylib */ = {isa = PBXFileReference; lastKnownFileType = "compiled.mach-o.dylib"; name = "libgstplayer-1.0.0.dylib"; path = "../../../../../opt/local/lib/libgstplayer-1.0.0.dylib"; sourceTree = "<group>"; };
		F08D8AB420275AF800CA4000 /* libgsturidownloader-1.0.0.dylib */ = {isa = PBXFileReference; lastKnownFileType = "compiled.mach-o.dylib"; name = "libgsturidownloader-1.0.0.dylib"; path = "../../../../../opt/local/lib/libgsturidownloader-1.0.0.dylib"; sourceTree = "<group>"; };
		F08D8AB520275AF800CA4000 /* libgstadaptivedemux-1.0.0.dylib */ = {isa = PBXFileReference; lastKnownFileType = "compiled.mach-o.dylib"; name = "libgstadaptivedemux-1.0.0.dylib"; path = "../../../../../opt/local/lib/libgstadaptivedemux-1.0.0.dylib"; sourceTree = "<group>"; };
		F08D8AB620275AF800CA4000 /* libgstbasecamerabinsrc-1.0.0.dylib */ = {isa = PBXFileReference; lastKnownFileType = "compiled.mach-o.dylib"; name = "libgstbasecamerabinsrc-1.0.0.dylib"; path = "../../../../../opt/local/lib/libgstbasecamerabinsrc-1.0.0.dylib"; sourceTree = "<group>"; };
		F08D8AB720275AF800CA4000 /* libgstgl-1.0.a */ = {isa = PBXFileReference; lastKnownFileType = archive.ar; name = "libgstgl-1.0.a"; path = "../../../../../opt/local/lib/libgstgl-1.0.a"; sourceTree = "<group>"; };
		F08D8AB820275AF800CA4000 /* libgstmpegts-1.0.0.dylib */ = {isa = PBXFileReference; lastKnownFileType = "compiled.mach-o.dylib"; name = "libgstmpegts-1.0.0.dylib"; path = "../../../../../opt/local/lib/libgstmpegts-1.0.0.dylib"; sourceTree = "<group>"; };
		F08D8AB920275AF800CA4000 /* libgstgl-1.0.0.dylib */ = {isa = PBXFileReference; lastKnownFileType = "compiled.mach-o.dylib"; name = "libgstgl-1.0.0.dylib"; path = "../../../../../opt/local/lib/libgstgl-1.0.0.dylib"; sourceTree = "<group>"; };
		F08D8ABA20275AF800CA4000 /* libgstcodecparsers-1.0.0.dylib */ = {isa = PBXFileReference; lastKnownFileType = "compiled.mach-o.dylib"; name = "libgstcodecparsers-1.0.0.dylib"; path = "../../../../../opt/local/lib/libgstcodecparsers-1.0.0.dylib"; sourceTree = "<group>"; };
		F08D8ABB20275AF800CA4000 /* libgstbadaudio-1.0.0.dylib */ = {isa = PBXFileReference; lastKnownFileType = "compiled.mach-o.dylib"; name = "libgstbadaudio-1.0.0.dylib"; path = "../../../../../opt/local/lib/libgstbadaudio-1.0.0.dylib"; sourceTree = "<group>"; };
		F08D8ABC20275AF800CA4000 /* libgstcodecparsers-1.0.a */ = {isa = PBXFileReference; lastKnownFileType = archive.ar; name = "libgstcodecparsers-1.0.a"; path = "../../../../../opt/local/lib/libgstcodecparsers-1.0.a"; sourceTree = "<group>"; };
		F08D8ABD20275AF800CA4000 /* libgstinsertbin-1.0.a */ = {isa = PBXFileReference; lastKnownFileType = archive.ar; name = "libgstinsertbin-1.0.a"; path = "../../../../../opt/local/lib/libgstinsertbin-1.0.a"; sourceTree = "<group>"; };
		F08D8ABE20275AF800CA4000 /* libgstphotography-1.0.0.dylib */ = {isa = PBXFileReference; lastKnownFileType = "compiled.mach-o.dylib"; name = "libgstphotography-1.0.0.dylib"; path = "../../../../../opt/local/lib/libgstphotography-1.0.0.dylib"; sourceTree = "<group>"; };
		F08D8ABF20275AF800CA4000 /* libgsturidownloader-1.0.a */ = {isa = PBXFileReference; lastKnownFileType = archive.ar; name = "libgsturidownloader-1.0.a"; path = "../../../../../opt/local/lib/libgsturidownloader-1.0.a"; sourceTree = "<group>"; };
		F08D8AC020275AF800CA4000 /* libgstadaptivedemux-1.0.a */ = {isa = PBXFileReference; lastKnownFileType = archive.ar; name = "libgstadaptivedemux-1.0.a"; path = "../../../../../opt/local/lib/libgstadaptivedemux-1.0.a"; sourceTree = "<group>"; };
		F08D8ADB20275BF900CA4000 /* libgstpbtypes.so */ = {isa = PBXFileReference; lastKnownFileType = "compiled.mach-o.bundle"; name = libgstpbtypes.so; path = "../../../../../opt/local/lib/gstreamer-1.0/libgstpbtypes.so"; sourceTree = "<group>"; };
		F08D8ADC20275BF900CA4000 /* libgstlame.so */ = {isa = PBXFileReference; lastKnownFileType = "compiled.mach-o.bundle"; name = libgstlame.so; path = "../../../../../opt/local/lib/gstreamer-1.0/libgstlame.so"; sourceTree = "<group>"; };
		F08D8ADD20275BF900CA4000 /* libgstsmoothstreaming.so */ = {isa = PBXFileReference; lastKnownFileType = "compiled.mach-o.bundle"; name = libgstsmoothstreaming.so; path = "../../../../../opt/local/lib/gstreamer-1.0/libgstsmoothstreaming.so"; sourceTree = "<group>"; };
		F08D8ADE20275BF900CA4000 /* libgstsubenc.so */ = {isa = PBXFileReference; lastKnownFileType = "compiled.mach-o.bundle"; name = libgstsubenc.so; path = "../../../../../opt/local/lib/gstreamer-1.0/libgstsubenc.so"; sourceTree = "<group>"; };
		F08D8ADF20275BF900CA4000 /* libgstopenjpeg.so */ = {isa = PBXFileReference; lastKnownFileType = "compiled.mach-o.bundle"; name = libgstopenjpeg.so; path = "../../../../../opt/local/lib/gstreamer-1.0/libgstopenjpeg.so"; sourceTree = "<group>"; };
		F08D8AE020275BF900CA4000 /* libgstrtponvif.so */ = {isa = PBXFileReference; lastKnownFileType = "compiled.mach-o.bundle"; name = libgstrtponvif.so; path = "../../../../../opt/local/lib/gstreamer-1.0/libgstrtponvif.so"; sourceTree = "<group>"; };
		F08D8AE120275BFA00CA4000 /* libgstflxdec.so */ = {isa = PBXFileReference; lastKnownFileType = "compiled.mach-o.bundle"; name = libgstflxdec.so; path = "../../../../../opt/local/lib/gstreamer-1.0/libgstflxdec.so"; sourceTree = "<group>"; };
		F08D8AE220275BFA00CA4000 /* libgstadder.so */ = {isa = PBXFileReference; lastKnownFileType = "compiled.mach-o.bundle"; name = libgstadder.so; path = "../../../../../opt/local/lib/gstreamer-1.0/libgstadder.so"; sourceTree = "<group>"; };
		F08D8AE320275BFA00CA4000 /* libgstvideosignal.so */ = {isa = PBXFileReference; lastKnownFileType = "compiled.mach-o.bundle"; name = libgstvideosignal.so; path = "../../../../../opt/local/lib/gstreamer-1.0/libgstvideosignal.so"; sourceTree = "<group>"; };
		F08D8AE420275BFA00CA4000 /* libgstpulseaudio.so */ = {isa = PBXFileReference; lastKnownFileType = "compiled.mach-o.bundle"; name = libgstpulseaudio.so; path = "../../../../../opt/local/lib/gstreamer-1.0/libgstpulseaudio.so"; sourceTree = "<group>"; };
		F08D8AE520275BFA00CA4000 /* libgstmpeg2dec.so */ = {isa = PBXFileReference; lastKnownFileType = "compiled.mach-o.bundle"; name = libgstmpeg2dec.so; path = "../../../../../opt/local/lib/gstreamer-1.0/libgstmpeg2dec.so"; sourceTree = "<group>"; };
		F08D8AE620275BFA00CA4000 /* libgstmpegpsmux.so */ = {isa = PBXFileReference; lastKnownFileType = "compiled.mach-o.bundle"; name = libgstmpegpsmux.so; path = "../../../../../opt/local/lib/gstreamer-1.0/libgstmpegpsmux.so"; sourceTree = "<group>"; };
		F08D8AE720275BFA00CA4000 /* libgstvideorate.so */ = {isa = PBXFileReference; lastKnownFileType = "compiled.mach-o.bundle"; name = libgstvideorate.so; path = "../../../../../opt/local/lib/gstreamer-1.0/libgstvideorate.so"; sourceTree = "<group>"; };
		F08D8AE820275BFA00CA4000 /* libgstautoconvert.so */ = {isa = PBXFileReference; lastKnownFileType = "compiled.mach-o.bundle"; name = libgstautoconvert.so; path = "../../../../../opt/local/lib/gstreamer-1.0/libgstautoconvert.so"; sourceTree = "<group>"; };
		F08D8AE920275BFA00CA4000 /* libgstdebug.so */ = {isa = PBXFileReference; lastKnownFileType = "compiled.mach-o.bundle"; name = libgstdebug.so; path = "../../../../../opt/local/lib/gstreamer-1.0/libgstdebug.so"; sourceTree = "<group>"; };
		F08D8AEA20275BFA00CA4000 /* libgsteffectv.so */ = {isa = PBXFileReference; lastKnownFileType = "compiled.mach-o.bundle"; name = libgsteffectv.so; path = "../../../../../opt/local/lib/gstreamer-1.0/libgsteffectv.so"; sourceTree = "<group>"; };
		F08D8AEB20275BFA00CA4000 /* libgstfluidsynthmidi.so */ = {isa = PBXFileReference; lastKnownFileType = "compiled.mach-o.bundle"; name = libgstfluidsynthmidi.so; path = "../../../../../opt/local/lib/gstreamer-1.0/libgstfluidsynthmidi.so"; sourceTree = "<group>"; };
		F08D8AEC20275BFA00CA4000 /* libgsty4mdec.so */ = {isa = PBXFileReference; lastKnownFileType = "compiled.mach-o.bundle"; name = libgsty4mdec.so; path = "../../../../../opt/local/lib/gstreamer-1.0/libgsty4mdec.so"; sourceTree = "<group>"; };
		F08D8AED20275BFA00CA4000 /* libgstvpx.so */ = {isa = PBXFileReference; lastKnownFileType = "compiled.mach-o.bundle"; name = libgstvpx.so; path = "../../../../../opt/local/lib/gstreamer-1.0/libgstvpx.so"; sourceTree = "<group>"; };
		F08D8AEE20275BFA00CA4000 /* libgstvideofilter.so */ = {isa = PBXFileReference; lastKnownFileType = "compiled.mach-o.bundle"; name = libgstvideofilter.so; path = "../../../../../opt/local/lib/gstreamer-1.0/libgstvideofilter.so"; sourceTree = "<group>"; };
		F08D8AEF20275BFA00CA4000 /* libgstassrender.so */ = {isa = PBXFileReference; lastKnownFileType = "compiled.mach-o.bundle"; name = libgstassrender.so; path = "../../../../../opt/local/lib/gstreamer-1.0/libgstassrender.so"; sourceTree = "<group>"; };
		F08D8AF020275BFA00CA4000 /* libgstsubparse.so */ = {isa = PBXFileReference; lastKnownFileType = "compiled.mach-o.bundle"; name = libgstsubparse.so; path = "../../../../../opt/local/lib/gstreamer-1.0/libgstsubparse.so"; sourceTree = "<group>"; };
		F08D8AF120275BFA00CA4000 /* libgstvideofiltersbad.so */ = {isa = PBXFileReference; lastKnownFileType = "compiled.mach-o.bundle"; name = libgstvideofiltersbad.so; path = "../../../../../opt/local/lib/gstreamer-1.0/libgstvideofiltersbad.so"; sourceTree = "<group>"; };
		F08D8AF220275BFA00CA4000 /* libgstvideoparsersbad.so */ = {isa = PBXFileReference; lastKnownFileType = "compiled.mach-o.bundle"; name = libgstvideoparsersbad.so; path = "../../../../../opt/local/lib/gstreamer-1.0/libgstvideoparsersbad.so"; sourceTree = "<group>"; };
		F08D8AF320275BFA00CA4000 /* libgstvideocrop.so */ = {isa = PBXFileReference; lastKnownFileType = "compiled.mach-o.bundle"; name = libgstvideocrop.so; path = "../../../../../opt/local/lib/gstreamer-1.0/libgstvideocrop.so"; sourceTree = "<group>"; };
		F08D8AF420275BFA00CA4000 /* libgsticydemux.so */ = {isa = PBXFileReference; lastKnownFileType = "compiled.mach-o.bundle"; name = libgsticydemux.so; path = "../../../../../opt/local/lib/gstreamer-1.0/libgsticydemux.so"; sourceTree = "<group>"; };
		F08D8AF520275BFA00CA4000 /* libgstgoom2k1.so */ = {isa = PBXFileReference; lastKnownFileType = "compiled.mach-o.bundle"; name = libgstgoom2k1.so; path = "../../../../../opt/local/lib/gstreamer-1.0/libgstgoom2k1.so"; sourceTree = "<group>"; };
		F08D8AF620275BFA00CA4000 /* libgstrealmedia.so */ = {isa = PBXFileReference; lastKnownFileType = "compiled.mach-o.bundle"; name = libgstrealmedia.so; path = "../../../../../opt/local/lib/gstreamer-1.0/libgstrealmedia.so"; sourceTree = "<group>"; };
		F08D8AF720275BFA00CA4000 /* libgstopengl.so */ = {isa = PBXFileReference; lastKnownFileType = "compiled.mach-o.bundle"; name = libgstopengl.so; path = "../../../../../opt/local/lib/gstreamer-1.0/libgstopengl.so"; sourceTree = "<group>"; };
		F08D8AF820275BFA00CA4000 /* libgstlegacyrawparse.so */ = {isa = PBXFileReference; lastKnownFileType = "compiled.mach-o.bundle"; name = libgstlegacyrawparse.so; path = "../../../../../opt/local/lib/gstreamer-1.0/libgstlegacyrawparse.so"; sourceTree = "<group>"; };
		F08D8AF920275BFA00CA4000 /* libgstsoup.so */ = {isa = PBXFileReference; lastKnownFileType = "compiled.mach-o.bundle"; name = libgstsoup.so; path = "../../../../../opt/local/lib/gstreamer-1.0/libgstsoup.so"; sourceTree = "<group>"; };
		F08D8AFA20275BFA00CA4000 /* libgstadpcmenc.so */ = {isa = PBXFileReference; lastKnownFileType = "compiled.mach-o.bundle"; name = libgstadpcmenc.so; path = "../../../../../opt/local/lib/gstreamer-1.0/libgstadpcmenc.so"; sourceTree = "<group>"; };
		F08D8AFB20275BFB00CA4000 /* libgstflac.so */ = {isa = PBXFileReference; lastKnownFileType = "compiled.mach-o.bundle"; name = libgstflac.so; path = "../../../../../opt/local/lib/gstreamer-1.0/libgstflac.so"; sourceTree = "<group>"; };
		F08D8AFC20275BFB00CA4000 /* libgstaudioparsers.so */ = {isa = PBXFileReference; lastKnownFileType = "compiled.mach-o.bundle"; name = libgstaudioparsers.so; path = "../../../../../opt/local/lib/gstreamer-1.0/libgstaudioparsers.so"; sourceTree = "<group>"; };
		F08D8AFD20275BFB00CA4000 /* libgstrtmp.so */ = {isa = PBXFileReference; lastKnownFileType = "compiled.mach-o.bundle"; name = libgstrtmp.so; path = "../../../../../opt/local/lib/gstreamer-1.0/libgstrtmp.so"; sourceTree = "<group>"; };
		F08D8AFE20275BFB00CA4000 /* libgstvolume.so */ = {isa = PBXFileReference; lastKnownFileType = "compiled.mach-o.bundle"; name = libgstvolume.so; path = "../../../../../opt/local/lib/gstreamer-1.0/libgstvolume.so"; sourceTree = "<group>"; };
		F08D8AFF20275BFB00CA4000 /* libgstjp2kdecimator.so */ = {isa = PBXFileReference; lastKnownFileType = "compiled.mach-o.bundle"; name = libgstjp2kdecimator.so; path = "../../../../../opt/local/lib/gstreamer-1.0/libgstjp2kdecimator.so"; sourceTree = "<group>"; };
		F08D8B0020275BFB00CA4000 /* libgstpnm.so */ = {isa = PBXFileReference; lastKnownFileType = "compiled.mach-o.bundle"; name = libgstpnm.so; path = "../../../../../opt/local/lib/gstreamer-1.0/libgstpnm.so"; sourceTree = "<group>"; };
		F08D8B0120275BFB00CA4000 /* libgsthls.so */ = {isa = PBXFileReference; lastKnownFileType = "compiled.mach-o.bundle"; name = libgsthls.so; path = "../../../../../opt/local/lib/gstreamer-1.0/libgsthls.so"; sourceTree = "<group>"; };
		F08D8B0220275BFB00CA4000 /* libgstbayer.so */ = {isa = PBXFileReference; lastKnownFileType = "compiled.mach-o.bundle"; name = libgstbayer.so; path = "../../../../../opt/local/lib/gstreamer-1.0/libgstbayer.so"; sourceTree = "<group>"; };
		F08D8B0320275BFB00CA4000 /* libgstaudiofxbad.so */ = {isa = PBXFileReference; lastKnownFileType = "compiled.mach-o.bundle"; name = libgstaudiofxbad.so; path = "../../../../../opt/local/lib/gstreamer-1.0/libgstaudiofxbad.so"; sourceTree = "<group>"; };
		F08D8B0420275BFB00CA4000 /* libgstxvimagesink.so */ = {isa = PBXFileReference; lastKnownFileType = "compiled.mach-o.bundle"; name = libgstxvimagesink.so; path = "../../../../../opt/local/lib/gstreamer-1.0/libgstxvimagesink.so"; sourceTree = "<group>"; };
		F08D8B0520275BFB00CA4000 /* libgstgdkpixbuf.so */ = {isa = PBXFileReference; lastKnownFileType = "compiled.mach-o.bundle"; name = libgstgdkpixbuf.so; path = "../../../../../opt/local/lib/gstreamer-1.0/libgstgdkpixbuf.so"; sourceTree = "<group>"; };
		F08D8B0620275BFB00CA4000 /* libgstvideomixer.so */ = {isa = PBXFileReference; lastKnownFileType = "compiled.mach-o.bundle"; name = libgstvideomixer.so; path = "../../../../../opt/local/lib/gstreamer-1.0/libgstvideomixer.so"; sourceTree = "<group>"; };
		F08D8B0720275BFB00CA4000 /* libgstrfbsrc.so */ = {isa = PBXFileReference; lastKnownFileType = "compiled.mach-o.bundle"; name = libgstrfbsrc.so; path = "../../../../../opt/local/lib/gstreamer-1.0/libgstrfbsrc.so"; sourceTree = "<group>"; };
		F08D8B0820275BFB00CA4000 /* libgstwavpack.so */ = {isa = PBXFileReference; lastKnownFileType = "compiled.mach-o.bundle"; name = libgstwavpack.so; path = "../../../../../opt/local/lib/gstreamer-1.0/libgstwavpack.so"; sourceTree = "<group>"; };
		F08D8B0920275BFB00CA4000 /* libgstvideoconvert.so */ = {isa = PBXFileReference; lastKnownFileType = "compiled.mach-o.bundle"; name = libgstvideoconvert.so; path = "../../../../../opt/local/lib/gstreamer-1.0/libgstvideoconvert.so"; sourceTree = "<group>"; };
		F08D8B0A20275BFB00CA4000 /* libgstaudiovisualizers.so */ = {isa = PBXFileReference; lastKnownFileType = "compiled.mach-o.bundle"; name = libgstaudiovisualizers.so; path = "../../../../../opt/local/lib/gstreamer-1.0/libgstaudiovisualizers.so"; sourceTree = "<group>"; };
		F08D8B0B20275BFB00CA4000 /* libgstfieldanalysis.so */ = {isa = PBXFileReference; lastKnownFileType = "compiled.mach-o.bundle"; name = libgstfieldanalysis.so; path = "../../../../../opt/local/lib/gstreamer-1.0/libgstfieldanalysis.so"; sourceTree = "<group>"; };
		F08D8B0C20275BFB00CA4000 /* libgstimagefreeze.so */ = {isa = PBXFileReference; lastKnownFileType = "compiled.mach-o.bundle"; name = libgstimagefreeze.so; path = "../../../../../opt/local/lib/gstreamer-1.0/libgstimagefreeze.so"; sourceTree = "<group>"; };
		F08D8B0D20275BFB00CA4000 /* libgstisomp4.so */ = {isa = PBXFileReference; lastKnownFileType = "compiled.mach-o.bundle"; name = libgstisomp4.so; path = "../../../../../opt/local/lib/gstreamer-1.0/libgstisomp4.so"; sourceTree = "<group>"; };
		F08D8B0E20275BFB00CA4000 /* libgsttaglib.so */ = {isa = PBXFileReference; lastKnownFileType = "compiled.mach-o.bundle"; name = libgsttaglib.so; path = "../../../../../opt/local/lib/gstreamer-1.0/libgsttaglib.so"; sourceTree = "<group>"; };
		F08D8B0F20275BFB00CA4000 /* libgstxingmux.so */ = {isa = PBXFileReference; lastKnownFileType = "compiled.mach-o.bundle"; name = libgstxingmux.so; path = "../../../../../opt/local/lib/gstreamer-1.0/libgstxingmux.so"; sourceTree = "<group>"; };
		F08D8B1020275BFB00CA4000 /* libgstvorbis.so */ = {isa = PBXFileReference; lastKnownFileType = "compiled.mach-o.bundle"; name = libgstvorbis.so; path = "../../../../../opt/local/lib/gstreamer-1.0/libgstvorbis.so"; sourceTree = "<group>"; };
		F08D8B1120275BFB00CA4000 /* libgstdvdsub.so */ = {isa = PBXFileReference; lastKnownFileType = "compiled.mach-o.bundle"; name = libgstdvdsub.so; path = "../../../../../opt/local/lib/gstreamer-1.0/libgstdvdsub.so"; sourceTree = "<group>"; };
		F08D8B1220275BFB00CA4000 /* libgstremovesilence.so */ = {isa = PBXFileReference; lastKnownFileType = "compiled.mach-o.bundle"; name = libgstremovesilence.so; path = "../../../../../opt/local/lib/gstreamer-1.0/libgstremovesilence.so"; sourceTree = "<group>"; };
		F08D8B1320275BFB00CA4000 /* libgstwavenc.so */ = {isa = PBXFileReference; lastKnownFileType = "compiled.mach-o.bundle"; name = libgstwavenc.so; path = "../../../../../opt/local/lib/gstreamer-1.0/libgstwavenc.so"; sourceTree = "<group>"; };
		F08D8B1420275BFC00CA4000 /* libgsttimecode.so */ = {isa = PBXFileReference; lastKnownFileType = "compiled.mach-o.bundle"; name = libgsttimecode.so; path = "../../../../../opt/local/lib/gstreamer-1.0/libgsttimecode.so"; sourceTree = "<group>"; };
		F08D8B1520275BFC00CA4000 /* libgstximagesrc.so */ = {isa = PBXFileReference; lastKnownFileType = "compiled.mach-o.bundle"; name = libgstximagesrc.so; path = "../../../../../opt/local/lib/gstreamer-1.0/libgstximagesrc.so"; sourceTree = "<group>"; };
		F08D8B1620275BFC00CA4000 /* libgstdvdspu.so */ = {isa = PBXFileReference; lastKnownFileType = "compiled.mach-o.bundle"; name = libgstdvdspu.so; path = "../../../../../opt/local/lib/gstreamer-1.0/libgstdvdspu.so"; sourceTree = "<group>"; };
		F08D8B1720275BFC00CA4000 /* libgstplayback.so */ = {isa = PBXFileReference; lastKnownFileType = "compiled.mach-o.bundle"; name = libgstplayback.so; path = "../../../../../opt/local/lib/gstreamer-1.0/libgstplayback.so"; sourceTree = "<group>"; };
		F08D8B1820275BFC00CA4000 /* libgstdebugutilsbad.so */ = {isa = PBXFileReference; lastKnownFileType = "compiled.mach-o.bundle"; name = libgstdebugutilsbad.so; path = "../../../../../opt/local/lib/gstreamer-1.0/libgstdebugutilsbad.so"; sourceTree = "<group>"; };
		F08D8B1920275BFC00CA4000 /* libgstauparse.so */ = {isa = PBXFileReference; lastKnownFileType = "compiled.mach-o.bundle"; name = libgstauparse.so; path = "../../../../../opt/local/lib/gstreamer-1.0/libgstauparse.so"; sourceTree = "<group>"; };
		F08D8B1A20275BFC00CA4000 /* libgstsegmentclip.so */ = {isa = PBXFileReference; lastKnownFileType = "compiled.mach-o.bundle"; name = libgstsegmentclip.so; path = "../../../../../opt/local/lib/gstreamer-1.0/libgstsegmentclip.so"; sourceTree = "<group>"; };
		F08D8B1B20275BFC00CA4000 /* libgstspectrum.so */ = {isa = PBXFileReference; lastKnownFileType = "compiled.mach-o.bundle"; name = libgstspectrum.so; path = "../../../../../opt/local/lib/gstreamer-1.0/libgstspectrum.so"; sourceTree = "<group>"; };
		F08D8B1C20275BFC00CA4000 /* libgstencoding.so */ = {isa = PBXFileReference; lastKnownFileType = "compiled.mach-o.bundle"; name = libgstencoding.so; path = "../../../../../opt/local/lib/gstreamer-1.0/libgstencoding.so"; sourceTree = "<group>"; };
		F08D8B1D20275BFC00CA4000 /* libgstmusepack.so */ = {isa = PBXFileReference; lastKnownFileType = "compiled.mach-o.bundle"; name = libgstmusepack.so; path = "../../../../../opt/local/lib/gstreamer-1.0/libgstmusepack.so"; sourceTree = "<group>"; };
		F08D8B1E20275BFC00CA4000 /* libgststereo.so */ = {isa = PBXFileReference; lastKnownFileType = "compiled.mach-o.bundle"; name = libgststereo.so; path = "../../../../../opt/local/lib/gstreamer-1.0/libgststereo.so"; sourceTree = "<group>"; };
		F08D8B1F20275BFC00CA4000 /* libgstneonhttpsrc.so */ = {isa = PBXFileReference; lastKnownFileType = "compiled.mach-o.bundle"; name = libgstneonhttpsrc.so; path = "../../../../../opt/local/lib/gstreamer-1.0/libgstneonhttpsrc.so"; sourceTree = "<group>"; };
		F08D8B2020275BFC00CA4000 /* libgstcutter.so */ = {isa = PBXFileReference; lastKnownFileType = "compiled.mach-o.bundle"; name = libgstcutter.so; path = "../../../../../opt/local/lib/gstreamer-1.0/libgstcutter.so"; sourceTree = "<group>"; };
		F08D8B2120275BFC00CA4000 /* libgstudp.so */ = {isa = PBXFileReference; lastKnownFileType = "compiled.mach-o.bundle"; name = libgstudp.so; path = "../../../../../opt/local/lib/gstreamer-1.0/libgstudp.so"; sourceTree = "<group>"; };
		F08D8B2220275BFC00CA4000 /* libgstaudiotestsrc.so */ = {isa = PBXFileReference; lastKnownFileType = "compiled.mach-o.bundle"; name = libgstaudiotestsrc.so; path = "../../../../../opt/local/lib/gstreamer-1.0/libgstaudiotestsrc.so"; sourceTree = "<group>"; };
		F08D8B2320275BFC00CA4000 /* libgstrtsp.so */ = {isa = PBXFileReference; lastKnownFileType = "compiled.mach-o.bundle"; name = libgstrtsp.so; path = "../../../../../opt/local/lib/gstreamer-1.0/libgstrtsp.so"; sourceTree = "<group>"; };
		F08D8B2420275BFC00CA4000 /* libgstfaad.so */ = {isa = PBXFileReference; lastKnownFileType = "compiled.mach-o.bundle"; name = libgstfaad.so; path = "../../../../../opt/local/lib/gstreamer-1.0/libgstfaad.so"; sourceTree = "<group>"; };
		F08D8B2520275BFC00CA4000 /* libgstfreeverb.so */ = {isa = PBXFileReference; lastKnownFileType = "compiled.mach-o.bundle"; name = libgstfreeverb.so; path = "../../../../../opt/local/lib/gstreamer-1.0/libgstfreeverb.so"; sourceTree = "<group>"; };
		F08D8B2620275BFC00CA4000 /* libgstmidi.so */ = {isa = PBXFileReference; lastKnownFileType = "compiled.mach-o.bundle"; name = libgstmidi.so; path = "../../../../../opt/local/lib/gstreamer-1.0/libgstmidi.so"; sourceTree = "<group>"; };
		F08D8B2720275BFC00CA4000 /* libgstopenexr.so */ = {isa = PBXFileReference; lastKnownFileType = "compiled.mach-o.bundle"; name = libgstopenexr.so; path = "../../../../../opt/local/lib/gstreamer-1.0/libgstopenexr.so"; sourceTree = "<group>"; };
		F08D8B2820275BFC00CA4000 /* libgstaudioconvert.so */ = {isa = PBXFileReference; lastKnownFileType = "compiled.mach-o.bundle"; name = libgstaudioconvert.so; path = "../../../../../opt/local/lib/gstreamer-1.0/libgstaudioconvert.so"; sourceTree = "<group>"; };
		F08D8B2920275BFD00CA4000 /* libgstbz2.so */ = {isa = PBXFileReference; lastKnownFileType = "compiled.mach-o.bundle"; name = libgstbz2.so; path = "../../../../../opt/local/lib/gstreamer-1.0/libgstbz2.so"; sourceTree = "<group>"; };
		F08D8B2A20275BFD00CA4000 /* libgstinterleave.so */ = {isa = PBXFileReference; lastKnownFileType = "compiled.mach-o.bundle"; name = libgstinterleave.so; path = "../../../../../opt/local/lib/gstreamer-1.0/libgstinterleave.so"; sourceTree = "<group>"; };
		F08D8B2B20275BFD00CA4000 /* libgstsiren.so */ = {isa = PBXFileReference; lastKnownFileType = "compiled.mach-o.bundle"; name = libgstsiren.so; path = "../../../../../opt/local/lib/gstreamer-1.0/libgstsiren.so"; sourceTree = "<group>"; };
		F08D8B2C20275BFD00CA4000 /* libgstsmpte.so */ = {isa = PBXFileReference; lastKnownFileType = "compiled.mach-o.bundle"; name = libgstsmpte.so; path = "../../../../../opt/local/lib/gstreamer-1.0/libgstsmpte.so"; sourceTree = "<group>"; };
		F08D8B2D20275BFD00CA4000 /* libgstshm.so */ = {isa = PBXFileReference; lastKnownFileType = "compiled.mach-o.bundle"; name = libgstshm.so; path = "../../../../../opt/local/lib/gstreamer-1.0/libgstshm.so"; sourceTree = "<group>"; };
		F08D8B2E20275BFD00CA4000 /* libgstrtp.so */ = {isa = PBXFileReference; lastKnownFileType = "compiled.mach-o.bundle"; name = libgstrtp.so; path = "../../../../../opt/local/lib/gstreamer-1.0/libgstrtp.so"; sourceTree = "<group>"; };
		F08D8B2F20275BFD00CA4000 /* libgstdtmf.so */ = {isa = PBXFileReference; lastKnownFileType = "compiled.mach-o.bundle"; name = libgstdtmf.so; path = "../../../../../opt/local/lib/gstreamer-1.0/libgstdtmf.so"; sourceTree = "<group>"; };
		F08D8B3020275BFD00CA4000 /* libgstjpegformat.so */ = {isa = PBXFileReference; lastKnownFileType = "compiled.mach-o.bundle"; name = libgstjpegformat.so; path = "../../../../../opt/local/lib/gstreamer-1.0/libgstjpegformat.so"; sourceTree = "<group>"; };
		F08D8B3120275BFD00CA4000 /* libgstmxf.so */ = {isa = PBXFileReference; lastKnownFileType = "compiled.mach-o.bundle"; name = libgstmxf.so; path = "../../../../../opt/local/lib/gstreamer-1.0/libgstmxf.so"; sourceTree = "<group>"; };
		F08D8B3220275BFD00CA4000 /* libgstrtpmanager.so */ = {isa = PBXFileReference; lastKnownFileType = "compiled.mach-o.bundle"; name = libgstrtpmanager.so; path = "../../../../../opt/local/lib/gstreamer-1.0/libgstrtpmanager.so"; sourceTree = "<group>"; };
		F08D8B3320275BFD00CA4000 /* libgstflv.so */ = {isa = PBXFileReference; lastKnownFileType = "compiled.mach-o.bundle"; name = libgstflv.so; path = "../../../../../opt/local/lib/gstreamer-1.0/libgstflv.so"; sourceTree = "<group>"; };
		F08D8B3420275BFD00CA4000 /* libgstdvdlpcmdec.so */ = {isa = PBXFileReference; lastKnownFileType = "compiled.mach-o.bundle"; name = libgstdvdlpcmdec.so; path = "../../../../../opt/local/lib/gstreamer-1.0/libgstdvdlpcmdec.so"; sourceTree = "<group>"; };
		F08D8B3520275BFD00CA4000 /* libgstcairo.so */ = {isa = PBXFileReference; lastKnownFileType = "compiled.mach-o.bundle"; name = libgstcairo.so; path = "../../../../../opt/local/lib/gstreamer-1.0/libgstcairo.so"; sourceTree = "<group>"; };
		F08D8B3620275BFD00CA4000 /* libgstpng.so */ = {isa = PBXFileReference; lastKnownFileType = "compiled.mach-o.bundle"; name = libgstpng.so; path = "../../../../../opt/local/lib/gstreamer-1.0/libgstpng.so"; sourceTree = "<group>"; };
		F08D8B3720275BFD00CA4000 /* libgstcamerabin.so */ = {isa = PBXFileReference; lastKnownFileType = "compiled.mach-o.bundle"; name = libgstcamerabin.so; path = "../../../../../opt/local/lib/gstreamer-1.0/libgstcamerabin.so"; sourceTree = "<group>"; };
		F08D8B3820275BFD00CA4000 /* libgstresindvd.so */ = {isa = PBXFileReference; lastKnownFileType = "compiled.mach-o.bundle"; name = libgstresindvd.so; path = "../../../../../opt/local/lib/gstreamer-1.0/libgstresindvd.so"; sourceTree = "<group>"; };
		F08D8B3920275BFD00CA4000 /* libgstdvdread.so */ = {isa = PBXFileReference; lastKnownFileType = "compiled.mach-o.bundle"; name = libgstdvdread.so; path = "../../../../../opt/local/lib/gstreamer-1.0/libgstdvdread.so"; sourceTree = "<group>"; };
		F08D8B3A20275BFD00CA4000 /* libgstaasink.so */ = {isa = PBXFileReference; lastKnownFileType = "compiled.mach-o.bundle"; name = libgstaasink.so; path = "../../../../../opt/local/lib/gstreamer-1.0/libgstaasink.so"; sourceTree = "<group>"; };
		F08D8B3B20275BFD00CA4000 /* libgsttypefindfunctions.so */ = {isa = PBXFileReference; lastKnownFileType = "compiled.mach-o.bundle"; name = libgsttypefindfunctions.so; path = "../../../../../opt/local/lib/gstreamer-1.0/libgsttypefindfunctions.so"; sourceTree = "<group>"; };
		F08D8B3C20275BFD00CA4000 /* libgstx265.so */ = {isa = PBXFileReference; lastKnownFileType = "compiled.mach-o.bundle"; name = libgstx265.so; path = "../../../../../opt/local/lib/gstreamer-1.0/libgstx265.so"; sourceTree = "<group>"; };
		F08D8B3D20275BFD00CA4000 /* libgstspandsp.so */ = {isa = PBXFileReference; lastKnownFileType = "compiled.mach-o.bundle"; name = libgstspandsp.so; path = "../../../../../opt/local/lib/gstreamer-1.0/libgstspandsp.so"; sourceTree = "<group>"; };
		F08D8B3E20275BFD00CA4000 /* libgstogg.so */ = {isa = PBXFileReference; lastKnownFileType = "compiled.mach-o.bundle"; name = libgstogg.so; path = "../../../../../opt/local/lib/gstreamer-1.0/libgstogg.so"; sourceTree = "<group>"; };
		F08D8B3F20275BFD00CA4000 /* libgsty4menc.so */ = {isa = PBXFileReference; lastKnownFileType = "compiled.mach-o.bundle"; name = libgsty4menc.so; path = "../../../../../opt/local/lib/gstreamer-1.0/libgsty4menc.so"; sourceTree = "<group>"; };
		F08D8B4020275BFD00CA4000 /* libgstmpegtsdemux.so */ = {isa = PBXFileReference; lastKnownFileType = "compiled.mach-o.bundle"; name = libgstmpegtsdemux.so; path = "../../../../../opt/local/lib/gstreamer-1.0/libgstmpegtsdemux.so"; sourceTree = "<group>"; };
		F08D8B4120275BFD00CA4000 /* libgstwebp.so */ = {isa = PBXFileReference; lastKnownFileType = "compiled.mach-o.bundle"; name = libgstwebp.so; path = "../../../../../opt/local/lib/gstreamer-1.0/libgstwebp.so"; sourceTree = "<group>"; };
		F08D8B4220275BFD00CA4000 /* libgstapetag.so */ = {isa = PBXFileReference; lastKnownFileType = "compiled.mach-o.bundle"; name = libgstapetag.so; path = "../../../../../opt/local/lib/gstreamer-1.0/libgstapetag.so"; sourceTree = "<group>"; };
		F08D8B4320275BFE00CA4000 /* libgstalpha.so */ = {isa = PBXFileReference; lastKnownFileType = "compiled.mach-o.bundle"; name = libgstalpha.so; path = "../../../../../opt/local/lib/gstreamer-1.0/libgstalpha.so"; sourceTree = "<group>"; };
		F08D8B4420275BFE00CA4000 /* libgstmms.so */ = {isa = PBXFileReference; lastKnownFileType = "compiled.mach-o.bundle"; name = libgstmms.so; path = "../../../../../opt/local/lib/gstreamer-1.0/libgstmms.so"; sourceTree = "<group>"; };
		F08D8B4520275BFE00CA4000 /* libgstyadif.so */ = {isa = PBXFileReference; lastKnownFileType = "compiled.mach-o.bundle"; name = libgstyadif.so; path = "../../../../../opt/local/lib/gstreamer-1.0/libgstyadif.so"; sourceTree = "<group>"; };
		F08D8B4620275BFE00CA4000 /* libgstmatroska.so */ = {isa = PBXFileReference; lastKnownFileType = "compiled.mach-o.bundle"; name = libgstmatroska.so; path = "../../../../../opt/local/lib/gstreamer-1.0/libgstmatroska.so"; sourceTree = "<group>"; };
		F08D8B4720275BFE00CA4000 /* libgstivtc.so */ = {isa = PBXFileReference; lastKnownFileType = "compiled.mach-o.bundle"; name = libgstivtc.so; path = "../../../../../opt/local/lib/gstreamer-1.0/libgstivtc.so"; sourceTree = "<group>"; };
		F08D8B4820275BFE00CA4000 /* libgstalaw.so */ = {isa = PBXFileReference; lastKnownFileType = "compiled.mach-o.bundle"; name = libgstalaw.so; path = "../../../../../opt/local/lib/gstreamer-1.0/libgstalaw.so"; sourceTree = "<group>"; };
		F08D8B4920275BFE00CA4000 /* libgstgio.so */ = {isa = PBXFileReference; lastKnownFileType = "compiled.mach-o.bundle"; name = libgstgio.so; path = "../../../../../opt/local/lib/gstreamer-1.0/libgstgio.so"; sourceTree = "<group>"; };
		F08D8B4A20275BFE00CA4000 /* libgstdtls.so */ = {isa = PBXFileReference; lastKnownFileType = "compiled.mach-o.bundle"; name = libgstdtls.so; path = "../../../../../opt/local/lib/gstreamer-1.0/libgstdtls.so"; sourceTree = "<group>"; };
		F08D8B4B20275BFE00CA4000 /* libgstmpegtsmux.so */ = {isa = PBXFileReference; lastKnownFileType = "compiled.mach-o.bundle"; name = libgstmpegtsmux.so; path = "../../../../../opt/local/lib/gstreamer-1.0/libgstmpegtsmux.so"; sourceTree = "<group>"; };
		F08D8B4C20275BFE00CA4000 /* libgstrsvg.so */ = {isa = PBXFileReference; lastKnownFileType = "compiled.mach-o.bundle"; name = libgstrsvg.so; path = "../../../../../opt/local/lib/gstreamer-1.0/libgstrsvg.so"; sourceTree = "<group>"; };
		F08D8B4D20275BFE00CA4000 /* libgstximagesink.so */ = {isa = PBXFileReference; lastKnownFileType = "compiled.mach-o.bundle"; name = libgstximagesink.so; path = "../../../../../opt/local/lib/gstreamer-1.0/libgstximagesink.so"; sourceTree = "<group>"; };
		F08D8B4E20275BFE00CA4000 /* libgstshapewipe.so */ = {isa = PBXFileReference; lastKnownFileType = "compiled.mach-o.bundle"; name = libgstshapewipe.so; path = "../../../../../opt/local/lib/gstreamer-1.0/libgstshapewipe.so"; sourceTree = "<group>"; };
		F08D8B4F20275BFE00CA4000 /* libgstsoundtouch.so */ = {isa = PBXFileReference; lastKnownFileType = "compiled.mach-o.bundle"; name = libgstsoundtouch.so; path = "../../../../../opt/local/lib/gstreamer-1.0/libgstsoundtouch.so"; sourceTree = "<group>"; };
		F08D8B5020275BFE00CA4000 /* libgstjpeg.so */ = {isa = PBXFileReference; lastKnownFileType = "compiled.mach-o.bundle"; name = libgstjpeg.so; path = "../../../../../opt/local/lib/gstreamer-1.0/libgstjpeg.so"; sourceTree = "<group>"; };
		F08D8B5120275BFE00CA4000 /* libgstrawparse.so */ = {isa = PBXFileReference; lastKnownFileType = "compiled.mach-o.bundle"; name = libgstrawparse.so; path = "../../../../../opt/local/lib/gstreamer-1.0/libgstrawparse.so"; sourceTree = "<group>"; };
		F08D8B5220275BFE00CA4000 /* libgstvideoscale.so */ = {isa = PBXFileReference; lastKnownFileType = "compiled.mach-o.bundle"; name = libgstvideoscale.so; path = "../../../../../opt/local/lib/gstreamer-1.0/libgstvideoscale.so"; sourceTree = "<group>"; };
		F08D8B5320275BFE00CA4000 /* libgstmultifile.so */ = {isa = PBXFileReference; lastKnownFileType = "compiled.mach-o.bundle"; name = libgstmultifile.so; path = "../../../../../opt/local/lib/gstreamer-1.0/libgstmultifile.so"; sourceTree = "<group>"; };
		F08D8B5420275BFE00CA4000 /* libgstjack.so */ = {isa = PBXFileReference; lastKnownFileType = "compiled.mach-o.bundle"; name = libgstjack.so; path = "../../../../../opt/local/lib/gstreamer-1.0/libgstjack.so"; sourceTree = "<group>"; };
		F08D8B5520275BFE00CA4000 /* libgstaiff.so */ = {isa = PBXFileReference; lastKnownFileType = "compiled.mach-o.bundle"; name = libgstaiff.so; path = "../../../../../opt/local/lib/gstreamer-1.0/libgstaiff.so"; sourceTree = "<group>"; };
		F08D8B5620275BFE00CA4000 /* libgsta52dec.so */ = {isa = PBXFileReference; lastKnownFileType = "compiled.mach-o.bundle"; name = libgsta52dec.so; path = "../../../../../opt/local/lib/gstreamer-1.0/libgsta52dec.so"; sourceTree = "<group>"; };
		F08D8B5720275BFE00CA4000 /* libgstwavparse.so */ = {isa = PBXFileReference; lastKnownFileType = "compiled.mach-o.bundle"; name = libgstwavparse.so; path = "../../../../../opt/local/lib/gstreamer-1.0/libgstwavparse.so"; sourceTree = "<group>"; };
		F08D8B5820275BFE00CA4000 /* libgstcurl.so */ = {isa = PBXFileReference; lastKnownFileType = "compiled.mach-o.bundle"; name = libgstcurl.so; path = "../../../../../opt/local/lib/gstreamer-1.0/libgstcurl.so"; sourceTree = "<group>"; };
		F08D8B5920275BFF00CA4000 /* libgsttcp.so */ = {isa = PBXFileReference; lastKnownFileType = "compiled.mach-o.bundle"; name = libgsttcp.so; path = "../../../../../opt/local/lib/gstreamer-1.0/libgsttcp.so"; sourceTree = "<group>"; };
		F08D8B5A20275BFF00CA4000 /* libgstid3tag.so */ = {isa = PBXFileReference; lastKnownFileType = "compiled.mach-o.bundle"; name = libgstid3tag.so; path = "../../../../../opt/local/lib/gstreamer-1.0/libgstid3tag.so"; sourceTree = "<group>"; };
		F08D8B5B20275BFF00CA4000 /* libgstasfmux.so */ = {isa = PBXFileReference; lastKnownFileType = "compiled.mach-o.bundle"; name = libgstasfmux.so; path = "../../../../../opt/local/lib/gstreamer-1.0/libgstasfmux.so"; sourceTree = "<group>"; };
		F08D8B5C20275BFF00CA4000 /* libgstopus.so */ = {isa = PBXFileReference; lastKnownFileType = "compiled.mach-o.bundle"; name = libgstopus.so; path = "../../../../../opt/local/lib/gstreamer-1.0/libgstopus.so"; sourceTree = "<group>"; };
		F08D8B5D20275BFF00CA4000 /* libgstspeed.so */ = {isa = PBXFileReference; lastKnownFileType = "compiled.mach-o.bundle"; name = libgstspeed.so; path = "../../../../../opt/local/lib/gstreamer-1.0/libgstspeed.so"; sourceTree = "<group>"; };
		F08D8B5E20275BFF00CA4000 /* libgstgdp.so */ = {isa = PBXFileReference; lastKnownFileType = "compiled.mach-o.bundle"; name = libgstgdp.so; path = "../../../../../opt/local/lib/gstreamer-1.0/libgstgdp.so"; sourceTree = "<group>"; };
		F08D8B5F20275BFF00CA4000 /* libgstinterlace.so */ = {isa = PBXFileReference; lastKnownFileType = "compiled.mach-o.bundle"; name = libgstinterlace.so; path = "../../../../../opt/local/lib/gstreamer-1.0/libgstinterlace.so"; sourceTree = "<group>"; };
		F08D8B6020275BFF00CA4000 /* libgstosxaudio.so */ = {isa = PBXFileReference; lastKnownFileType = "compiled.mach-o.bundle"; name = libgstosxaudio.so; path = "../../../../../opt/local/lib/gstreamer-1.0/libgstosxaudio.so"; sourceTree = "<group>"; };
		F08D8B6120275BFF00CA4000 /* libgstdv.so */ = {isa = PBXFileReference; lastKnownFileType = "compiled.mach-o.bundle"; name = libgstdv.so; path = "../../../../../opt/local/lib/gstreamer-1.0/libgstdv.so"; sourceTree = "<group>"; };
		F08D8B6220275BFF00CA4000 /* libgstfaceoverlay.so */ = {isa = PBXFileReference; lastKnownFileType = "compiled.mach-o.bundle"; name = libgstfaceoverlay.so; path = "../../../../../opt/local/lib/gstreamer-1.0/libgstfaceoverlay.so"; sourceTree = "<group>"; };
		F08D8B6320275BFF00CA4000 /* libgsttheora.so */ = {isa = PBXFileReference; lastKnownFileType = "compiled.mach-o.bundle"; name = libgsttheora.so; path = "../../../../../opt/local/lib/gstreamer-1.0/libgsttheora.so"; sourceTree = "<group>"; };
		F08D8B6420275BFF00CA4000 /* libgstadpcmdec.so */ = {isa = PBXFileReference; lastKnownFileType = "compiled.mach-o.bundle"; name = libgstadpcmdec.so; path = "../../../../../opt/local/lib/gstreamer-1.0/libgstadpcmdec.so"; sourceTree = "<group>"; };
		F08D8B6520275BFF00CA4000 /* libgstsdpelem.so */ = {isa = PBXFileReference; lastKnownFileType = "compiled.mach-o.bundle"; name = libgstsdpelem.so; path = "../../../../../opt/local/lib/gstreamer-1.0/libgstsdpelem.so"; sourceTree = "<group>"; };
		F08D8B6620275BFF00CA4000 /* libgstsndfile.so */ = {isa = PBXFileReference; lastKnownFileType = "compiled.mach-o.bundle"; name = libgstsndfile.so; path = "../../../../../opt/local/lib/gstreamer-1.0/libgstsndfile.so"; sourceTree = "<group>"; };
		F08D8B6720275C0000CA4000 /* libgstequalizer.so */ = {isa = PBXFileReference; lastKnownFileType = "compiled.mach-o.bundle"; name = libgstequalizer.so; path = "../../../../../opt/local/lib/gstreamer-1.0/libgstequalizer.so"; sourceTree = "<group>"; };
		F08D8B6820275C0000CA4000 /* libgstvideobox.so */ = {isa = PBXFileReference; lastKnownFileType = "compiled.mach-o.bundle"; name = libgstvideobox.so; path = "../../../../../opt/local/lib/gstreamer-1.0/libgstvideobox.so"; sourceTree = "<group>"; };
		F08D8B6920275C0000CA4000 /* libgstmpegpsdemux.so */ = {isa = PBXFileReference; lastKnownFileType = "compiled.mach-o.bundle"; name = libgstmpegpsdemux.so; path = "../../../../../opt/local/lib/gstreamer-1.0/libgstmpegpsdemux.so"; sourceTree = "<group>"; };
		F08D8B6A20275C0000CA4000 /* include */ = {isa = PBXFileReference; lastKnownFileType = folder; name = include; path = "../../../../../opt/local/lib/gstreamer-1.0/include"; sourceTree = "<group>"; };
		F08D8B6B20275C0000CA4000 /* libgstautodetect.so */ = {isa = PBXFileReference; lastKnownFileType = "compiled.mach-o.bundle"; name = libgstautodetect.so; path = "../../../../../opt/local/lib/gstreamer-1.0/libgstautodetect.so"; sourceTree = "<group>"; };
		F08D8B6C20275C0000CA4000 /* libgstsmooth.so */ = {isa = PBXFileReference; lastKnownFileType = "compiled.mach-o.bundle"; name = libgstsmooth.so; path = "../../../../../opt/local/lib/gstreamer-1.0/libgstsmooth.so"; sourceTree = "<group>"; };
		F08D8B6D20275C0000CA4000 /* libgstaccurip.so */ = {isa = PBXFileReference; lastKnownFileType = "compiled.mach-o.bundle"; name = libgstaccurip.so; path = "../../../../../opt/local/lib/gstreamer-1.0/libgstaccurip.so"; sourceTree = "<group>"; };
		F08D8B6E20275C0000CA4000 /* libgstgeometrictransform.so */ = {isa = PBXFileReference; lastKnownFileType = "compiled.mach-o.bundle"; name = libgstgeometrictransform.so; path = "../../../../../opt/local/lib/gstreamer-1.0/libgstgeometrictransform.so"; sourceTree = "<group>"; };
		F08D8B6F20275C0000CA4000 /* libgstmultipart.so */ = {isa = PBXFileReference; lastKnownFileType = "compiled.mach-o.bundle"; name = libgstmultipart.so; path = "../../../../../opt/local/lib/gstreamer-1.0/libgstmultipart.so"; sourceTree = "<group>"; };
		F08D8B7020275C0000CA4000 /* libgstcoloreffects.so */ = {isa = PBXFileReference; lastKnownFileType = "compiled.mach-o.bundle"; name = libgstcoloreffects.so; path = "../../../../../opt/local/lib/gstreamer-1.0/libgstcoloreffects.so"; sourceTree = "<group>"; };
		F08D8B7120275C0000CA4000 /* libgstosxvideosink.so */ = {isa = PBXFileReference; lastKnownFileType = "compiled.mach-o.bundle"; name = libgstosxvideosink.so; path = "../../../../../opt/local/lib/gstreamer-1.0/libgstosxvideosink.so"; sourceTree = "<group>"; };
		F08D8B7220275C0000CA4000 /* libgstasf.so */ = {isa = PBXFileReference; lastKnownFileType = "compiled.mach-o.bundle"; name = libgstasf.so; path = "../../../../../opt/local/lib/gstreamer-1.0/libgstasf.so"; sourceTree = "<group>"; };
		F08D8B7320275C0000CA4000 /* libgstdvbsuboverlay.so */ = {isa = PBXFileReference; lastKnownFileType = "compiled.mach-o.bundle"; name = libgstdvbsuboverlay.so; path = "../../../../../opt/local/lib/gstreamer-1.0/libgstdvbsuboverlay.so"; sourceTree = "<group>"; };
		F08D8B7420275C0200CA4000 /* libgstcoreelements.so */ = {isa = PBXFileReference; lastKnownFileType = "compiled.mach-o.bundle"; name = libgstcoreelements.so; path = "../../../../../opt/local/lib/gstreamer-1.0/libgstcoreelements.so"; sourceTree = "<group>"; };
		F08D8B7520275C0200CA4000 /* libgstoss4.so */ = {isa = PBXFileReference; lastKnownFileType = "compiled.mach-o.bundle"; name = libgstoss4.so; path = "../../../../../opt/local/lib/gstreamer-1.0/libgstoss4.so"; sourceTree = "<group>"; };
		F08D8B7620275C0200CA4000 /* libgstcacasink.so */ = {isa = PBXFileReference; lastKnownFileType = "compiled.mach-o.bundle"; name = libgstcacasink.so; path = "../../../../../opt/local/lib/gstreamer-1.0/libgstcacasink.so"; sourceTree = "<group>"; };
		F08D8B7720275C0200CA4000 /* libgstopenal.so */ = {isa = PBXFileReference; lastKnownFileType = "compiled.mach-o.bundle"; name = libgstopenal.so; path = "../../../../../opt/local/lib/gstreamer-1.0/libgstopenal.so"; sourceTree = "<group>"; };
		F08D8B7820275C0200CA4000 /* libgstcompositor.so */ = {isa = PBXFileReference; lastKnownFileType = "compiled.mach-o.bundle"; name = libgstcompositor.so; path = "../../../../../opt/local/lib/gstreamer-1.0/libgstcompositor.so"; sourceTree = "<group>"; };
		F08D8B7920275C0300CA4000 /* libgstspeex.so */ = {isa = PBXFileReference; lastKnownFileType = "compiled.mach-o.bundle"; name = libgstspeex.so; path = "../../../../../opt/local/lib/gstreamer-1.0/libgstspeex.so"; sourceTree = "<group>"; };
		F08D8B7A20275C0300CA4000 /* libgstdashdemux.so */ = {isa = PBXFileReference; lastKnownFileType = "compiled.mach-o.bundle"; name = libgstdashdemux.so; path = "../../../../../opt/local/lib/gstreamer-1.0/libgstdashdemux.so"; sourceTree = "<group>"; };
		F08D8B7B20275C0300CA4000 /* libgstaudiofx.so */ = {isa = PBXFileReference; lastKnownFileType = "compiled.mach-o.bundle"; name = libgstaudiofx.so; path = "../../../../../opt/local/lib/gstreamer-1.0/libgstaudiofx.so"; sourceTree = "<group>"; };
		F08D8B7C20275C0300CA4000 /* libgstmodplug.so */ = {isa = PBXFileReference; lastKnownFileType = "compiled.mach-o.bundle"; name = libgstmodplug.so; path = "../../../../../opt/local/lib/gstreamer-1.0/libgstmodplug.so"; sourceTree = "<group>"; };
		F08D8B7D20275C0300CA4000 /* libgstinter.so */ = {isa = PBXFileReference; lastKnownFileType = "compiled.mach-o.bundle"; name = libgstinter.so; path = "../../../../../opt/local/lib/gstreamer-1.0/libgstinter.so"; sourceTree = "<group>"; };
		F08D8B7E20275C0300CA4000 /* libgstx264.so */ = {isa = PBXFileReference; lastKnownFileType = "compiled.mach-o.bundle"; name = libgstx264.so; path = "../../../../../opt/local/lib/gstreamer-1.0/libgstx264.so"; sourceTree = "<group>"; };
		F08D8B7F20275C0300CA4000 /* libgstaudiomixmatrix.so */ = {isa = PBXFileReference; lastKnownFileType = "compiled.mach-o.bundle"; name = libgstaudiomixmatrix.so; path = "../../../../../opt/local/lib/gstreamer-1.0/libgstaudiomixmatrix.so"; sourceTree = "<group>"; };
		F08D8B8020275C0300CA4000 /* libgstid3demux.so */ = {isa = PBXFileReference; lastKnownFileType = "compiled.mach-o.bundle"; name = libgstid3demux.so; path = "../../../../../opt/local/lib/gstreamer-1.0/libgstid3demux.so"; sourceTree = "<group>"; };
		F08D8B8120275C0300CA4000 /* libgstapp.so */ = {isa = PBXFileReference; lastKnownFileType = "compiled.mach-o.bundle"; name = libgstapp.so; path = "../../../../../opt/local/lib/gstreamer-1.0/libgstapp.so"; sourceTree = "<group>"; };
		F08D8B8220275C0300CA4000 /* libgstaudioresample.so */ = {isa = PBXFileReference; lastKnownFileType = "compiled.mach-o.bundle"; name = libgstaudioresample.so; path = "../../../../../opt/local/lib/gstreamer-1.0/libgstaudioresample.so"; sourceTree = "<group>"; };
		F08D8B8320275C0300CA4000 /* libgstreplaygain.so */ = {isa = PBXFileReference; lastKnownFileType = "compiled.mach-o.bundle"; name = libgstreplaygain.so; path = "../../../../../opt/local/lib/gstreamer-1.0/libgstreplaygain.so"; sourceTree = "<group>"; };
		F08D8B8420275C0300CA4000 /* libgstalphacolor.so */ = {isa = PBXFileReference; lastKnownFileType = "compiled.mach-o.bundle"; name = libgstalphacolor.so; path = "../../../../../opt/local/lib/gstreamer-1.0/libgstalphacolor.so"; sourceTree = "<group>"; };
		F08D8B8520275C0300CA4000 /* libgstpango.so */ = {isa = PBXFileReference; lastKnownFileType = "compiled.mach-o.bundle"; name = libgstpango.so; path = "../../../../../opt/local/lib/gstreamer-1.0/libgstpango.so"; sourceTree = "<group>"; };
		F08D8B8620275C0300CA4000 /* libgstnetsim.so */ = {isa = PBXFileReference; lastKnownFileType = "compiled.mach-o.bundle"; name = libgstnetsim.so; path = "../../../../../opt/local/lib/gstreamer-1.0/libgstnetsim.so"; sourceTree = "<group>"; };
		F08D8B8720275C0300CA4000 /* libgstaudiomixer.so */ = {isa = PBXFileReference; lastKnownFileType = "compiled.mach-o.bundle"; name = libgstaudiomixer.so; path = "../../../../../opt/local/lib/gstreamer-1.0/libgstaudiomixer.so"; sourceTree = "<group>"; };
		F08D8B8820275C0300CA4000 /* libgstpcapparse.so */ = {isa = PBXFileReference; lastKnownFileType = "compiled.mach-o.bundle"; name = libgstpcapparse.so; path = "../../../../../opt/local/lib/gstreamer-1.0/libgstpcapparse.so"; sourceTree = "<group>"; };
		F08D8B8920275C0300CA4000 /* libgstaudiorate.so */ = {isa = PBXFileReference; lastKnownFileType = "compiled.mach-o.bundle"; name = libgstaudiorate.so; path = "../../../../../opt/local/lib/gstreamer-1.0/libgstaudiorate.so"; sourceTree = "<group>"; };
		F08D8B8A20275C0300CA4000 /* libgstdeinterlace.so */ = {isa = PBXFileReference; lastKnownFileType = "compiled.mach-o.bundle"; name = libgstdeinterlace.so; path = "../../../../../opt/local/lib/gstreamer-1.0/libgstdeinterlace.so"; sourceTree = "<group>"; };
		F08D8B8B20275C0300CA4000 /* libgstlibav.so */ = {isa = PBXFileReference; lastKnownFileType = "compiled.mach-o.bundle"; name = libgstlibav.so; path = "../../../../../opt/local/lib/gstreamer-1.0/libgstlibav.so"; sourceTree = "<group>"; };
		F08D8B8C20275C0300CA4000 /* libgsttwolame.so */ = {isa = PBXFileReference; lastKnownFileType = "compiled.mach-o.bundle"; name = libgsttwolame.so; path = "../../../../../opt/local/lib/gstreamer-1.0/libgsttwolame.so"; sourceTree = "<group>"; };
		F08D8B8D20275C0300CA4000 /* libgstlevel.so */ = {isa = PBXFileReference; lastKnownFileType = "compiled.mach-o.bundle"; name = libgstlevel.so; path = "../../../../../opt/local/lib/gstreamer-1.0/libgstlevel.so"; sourceTree = "<group>"; };
		F08D8B8E20275C0300CA4000 /* libgstschro.so */ = {isa = PBXFileReference; lastKnownFileType = "compiled.mach-o.bundle"; name = libgstschro.so; path = "../../../../../opt/local/lib/gstreamer-1.0/libgstschro.so"; sourceTree = "<group>"; };
		F08D8B8F20275C0400CA4000 /* libgstnavigationtest.so */ = {isa = PBXFileReference; lastKnownFileType = "compiled.mach-o.bundle"; name = libgstnavigationtest.so; path = "../../../../../opt/local/lib/gstreamer-1.0/libgstnavigationtest.so"; sourceTree = "<group>"; };
		F08D8B9020275C0400CA4000 /* libgstaudiobuffersplit.so */ = {isa = PBXFileReference; lastKnownFileType = "compiled.mach-o.bundle"; name = libgstaudiobuffersplit.so; path = "../../../../../opt/local/lib/gstreamer-1.0/libgstaudiobuffersplit.so"; sourceTree = "<group>"; };
		F08D8B9120275C0400CA4000 /* libgstchromaprint.so */ = {isa = PBXFileReference; lastKnownFileType = "compiled.mach-o.bundle"; name = libgstchromaprint.so; path = "../../../../../opt/local/lib/gstreamer-1.0/libgstchromaprint.so"; sourceTree = "<group>"; };
		F08D8B9220275C0400CA4000 /* libgstmpg123.so */ = {isa = PBXFileReference; lastKnownFileType = "compiled.mach-o.bundle"; name = libgstmpg123.so; path = "../../../../../opt/local/lib/gstreamer-1.0/libgstmpg123.so"; sourceTree = "<group>"; };
		F08D8B9320275C0400CA4000 /* libgstdecklink.so */ = {isa = PBXFileReference; lastKnownFileType = "compiled.mach-o.bundle"; name = libgstdecklink.so; path = "../../../../../opt/local/lib/gstreamer-1.0/libgstdecklink.so"; sourceTree = "<group>"; };
		F08D8B9420275C0400CA4000 /* libgstivfparse.so */ = {isa = PBXFileReference; lastKnownFileType = "compiled.mach-o.bundle"; name = libgstivfparse.so; path = "../../../../../opt/local/lib/gstreamer-1.0/libgstivfparse.so"; sourceTree = "<group>"; };
		F08D8B9520275C0400CA4000 /* libgstmulaw.so */ = {isa = PBXFileReference; lastKnownFileType = "compiled.mach-o.bundle"; name = libgstmulaw.so; path = "../../../../../opt/local/lib/gstreamer-1.0/libgstmulaw.so"; sourceTree = "<group>"; };
		F08D8B9620275C0400CA4000 /* libgstgoom.so */ = {isa = PBXFileReference; lastKnownFileType = "compiled.mach-o.bundle"; name = libgstgoom.so; path = "../../../../../opt/local/lib/gstreamer-1.0/libgstgoom.so"; sourceTree = "<group>"; };
		F08D8B9720275C0400CA4000 /* libgstttmlsubs.so */ = {isa = PBXFileReference; lastKnownFileType = "compiled.mach-o.bundle"; name = libgstttmlsubs.so; path = "../../../../../opt/local/lib/gstreamer-1.0/libgstttmlsubs.so"; sourceTree = "<group>"; };
		F08D8B9820275C0400CA4000 /* libgstvideotestsrc.so */ = {isa = PBXFileReference; lastKnownFileType = "compiled.mach-o.bundle"; name = libgstvideotestsrc.so; path = "../../../../../opt/local/lib/gstreamer-1.0/libgstvideotestsrc.so"; sourceTree = "<group>"; };
		F08D8B9920275C0400CA4000 /* libgstcdio.so */ = {isa = PBXFileReference; lastKnownFileType = "compiled.mach-o.bundle"; name = libgstcdio.so; path = "../../../../../opt/local/lib/gstreamer-1.0/libgstcdio.so"; sourceTree = "<group>"; };
		F08D8B9A20275C0400CA4000 /* libgstgaudieffects.so */ = {isa = PBXFileReference; lastKnownFileType = "compiled.mach-o.bundle"; name = libgstgaudieffects.so; path = "../../../../../opt/local/lib/gstreamer-1.0/libgstgaudieffects.so"; sourceTree = "<group>"; };
		F08D8B9B20275C0400CA4000 /* libgstdtsdec.so */ = {isa = PBXFileReference; lastKnownFileType = "compiled.mach-o.bundle"; name = libgstdtsdec.so; path = "../../../../../opt/local/lib/gstreamer-1.0/libgstdtsdec.so"; sourceTree = "<group>"; };
		F08D8B9C20275C0400CA4000 /* libgstshout2.so */ = {isa = PBXFileReference; lastKnownFileType = "compiled.mach-o.bundle"; name = libgstshout2.so; path = "../../../../../opt/local/lib/gstreamer-1.0/libgstshout2.so"; sourceTree = "<group>"; };
		F08D8B9D20275C0400CA4000 /* libgstvmnc.so */ = {isa = PBXFileReference; lastKnownFileType = "compiled.mach-o.bundle"; name = libgstvmnc.so; path = "../../../../../opt/local/lib/gstreamer-1.0/libgstvmnc.so"; sourceTree = "<group>"; };
		F08D8B9E20275C0400CA4000 /* libgstcoretracers.so */ = {isa = PBXFileReference; lastKnownFileType = "compiled.mach-o.bundle"; name = libgstcoretracers.so; path = "../../../../../opt/local/lib/gstreamer-1.0/libgstcoretracers.so"; sourceTree = "<group>"; };
		F08D8B9F20275C0400CA4000 /* libgstvideoframe_audiolevel.so */ = {isa = PBXFileReference; lastKnownFileType = "compiled.mach-o.bundle"; name = libgstvideoframe_audiolevel.so; path = "../../../../../opt/local/lib/gstreamer-1.0/libgstvideoframe_audiolevel.so"; sourceTree = "<group>"; };
		F08D8BA020275C0400CA4000 /* libgstfestival.so */ = {isa = PBXFileReference; lastKnownFileType = "compiled.mach-o.bundle"; name = libgstfestival.so; path = "../../../../../opt/local/lib/gstreamer-1.0/libgstfestival.so"; sourceTree = "<group>"; };
		F08D8BA120275C0400CA4000 /* libgstavi.so */ = {isa = PBXFileReference; lastKnownFileType = "compiled.mach-o.bundle"; name = libgstavi.so; path = "../../../../../opt/local/lib/gstreamer-1.0/libgstavi.so"; sourceTree = "<group>"; };
		F09052E820261D8400B5CDF0 /* BigBen */ = {isa = PBXFileReference; explicitFileType = "compiled.mach-o.executable"; includeInIndex = 0; path = BigBen; sourceTree = BUILT_PRODUCTS_DIR; };
		F09052EB20261D8400B5CDF0 /* main.cpp */ = {isa = PBXFileReference; lastKnownFileType = sourcecode.cpp.cpp; path = main.cpp; sourceTree = "<group>"; };
		F09052F220261DC800B5CDF0 /* clock.cpp */ = {isa = PBXFileReference; lastKnownFileType = sourcecode.cpp.cpp; path = clock.cpp; sourceTree = "<group>"; };
		F09052F320261DC800B5CDF0 /* clock.hpp */ = {isa = PBXFileReference; lastKnownFileType = sourcecode.cpp.h; path = clock.hpp; sourceTree = "<group>"; };
		F0A514B32026275F00003BCF /* libboost_log-mt.dylib */ = {isa = PBXFileReference; lastKnownFileType = "compiled.mach-o.dylib"; name = "libboost_log-mt.dylib"; path = "../../../../../opt/local/lib/libboost_log-mt.dylib"; sourceTree = "<group>"; };
		F0A514B520262C1B00003BCF /* libboost_timer-mt.a */ = {isa = PBXFileReference; lastKnownFileType = archive.ar; name = "libboost_timer-mt.a"; path = "../../../../../opt/local/lib/libboost_timer-mt.a"; sourceTree = "<group>"; };
		F0A514B720262C3100003BCF /* libboost_system-mt.a */ = {isa = PBXFileReference; lastKnownFileType = archive.ar; name = "libboost_system-mt.a"; path = "../../../../../opt/local/lib/libboost_system-mt.a"; sourceTree = "<group>"; };
		F0A514B9202630E300003BCF /* libboost_thread-mt.dylib */ = {isa = PBXFileReference; lastKnownFileType = "compiled.mach-o.dylib"; name = "libboost_thread-mt.dylib"; path = "../../../../../opt/local/lib/libboost_thread-mt.dylib"; sourceTree = "<group>"; };
/* End PBXFileReference section */

/* Begin PBXFrameworksBuildPhase section */
		F09052E520261D8400B5CDF0 /* Frameworks */ = {
			isa = PBXFrameworksBuildPhase;
			buildActionMask = 2147483647;
			files = (
				F00CB96C20272DA700681E0D /* libboost_log_setup-mt.dylib in Frameworks */,
				F00CB97320272DA700681E0D /* libboost_system-mt.dylib in Frameworks */,
				F00CB97A20272DA700681E0D /* libboost_timer-mt.dylib in Frameworks */,
				F0A514B42026275F00003BCF /* libboost_log-mt.dylib in Frameworks */,
				F070E8CA202723C00091F41C /* libboost_program_options-mt.dylib in Frameworks */,
				F0A514B620262C1B00003BCF /* libboost_timer-mt.a in Frameworks */,
			);
			runOnlyForDeploymentPostprocessing = 0;
		};
/* End PBXFrameworksBuildPhase section */

/* Begin PBXGroup section */
		F09052DF20261D8400B5CDF0 = {
			isa = PBXGroup;
			children = (
				F0A514BC2026458F00003BCF /* res */,
				F09052F520261DE000B5CDF0 /* src */,
				F09052F620261E6800B5CDF0 /* inc */,
				F09052E920261D8400B5CDF0 /* Products */,
				F0A514B22026275E00003BCF /* Frameworks */,
			);
			sourceTree = "<group>";
		};
		F09052E920261D8400B5CDF0 /* Products */ = {
			isa = PBXGroup;
			children = (
				F09052E820261D8400B5CDF0 /* BigBen */,
			);
			name = Products;
			sourceTree = "<group>";
		};
		F09052F520261DE000B5CDF0 /* src */ = {
			isa = PBXGroup;
			children = (
				F09052EB20261D8400B5CDF0 /* main.cpp */,
				F09052F220261DC800B5CDF0 /* clock.cpp */,
				F0619FA0202737B70059CF22 /* sound.cpp */,
			);
			path = src;
			sourceTree = "<group>";
		};
		F09052F620261E6800B5CDF0 /* inc */ = {
			isa = PBXGroup;
			children = (
				F09052F320261DC800B5CDF0 /* clock.hpp */,
				F0619FA1202737B70059CF22 /* sound.hpp */,
			);
			path = inc;
			sourceTree = "<group>";
		};
		F0A514B22026275E00003BCF /* Frameworks */ = {
			isa = PBXGroup;
			children = (
				F08D8B6A20275C0000CA4000 /* include */,
				F08D8B5620275BFE00CA4000 /* libgsta52dec.so */,
				F08D8B3A20275BFD00CA4000 /* libgstaasink.so */,
				F08D8B6D20275C0000CA4000 /* libgstaccurip.so */,
				F08D8AE220275BFA00CA4000 /* libgstadder.so */,
				F08D8B6420275BFF00CA4000 /* libgstadpcmdec.so */,
				F08D8AFA20275BFA00CA4000 /* libgstadpcmenc.so */,
				F08D8B5520275BFE00CA4000 /* libgstaiff.so */,
				F08D8B4820275BFE00CA4000 /* libgstalaw.so */,
				F08D8B4320275BFE00CA4000 /* libgstalpha.so */,
				F08D8B8420275C0300CA4000 /* libgstalphacolor.so */,
				F08D8B4220275BFD00CA4000 /* libgstapetag.so */,
				F08D8B8120275C0300CA4000 /* libgstapp.so */,
				F08D8B7220275C0000CA4000 /* libgstasf.so */,
				F08D8B5B20275BFF00CA4000 /* libgstasfmux.so */,
				F08D8AEF20275BFA00CA4000 /* libgstassrender.so */,
				F08D8B9020275C0400CA4000 /* libgstaudiobuffersplit.so */,
				F08D8B2820275BFC00CA4000 /* libgstaudioconvert.so */,
				F08D8B7B20275C0300CA4000 /* libgstaudiofx.so */,
				F08D8B0320275BFB00CA4000 /* libgstaudiofxbad.so */,
				F08D8B8720275C0300CA4000 /* libgstaudiomixer.so */,
				F08D8B7F20275C0300CA4000 /* libgstaudiomixmatrix.so */,
				F08D8AFC20275BFB00CA4000 /* libgstaudioparsers.so */,
				F08D8B8920275C0300CA4000 /* libgstaudiorate.so */,
				F08D8B8220275C0300CA4000 /* libgstaudioresample.so */,
				F08D8B2220275BFC00CA4000 /* libgstaudiotestsrc.so */,
				F08D8B0A20275BFB00CA4000 /* libgstaudiovisualizers.so */,
				F08D8B1920275BFC00CA4000 /* libgstauparse.so */,
				F08D8AE820275BFA00CA4000 /* libgstautoconvert.so */,
				F08D8B6B20275C0000CA4000 /* libgstautodetect.so */,
				F08D8BA120275C0400CA4000 /* libgstavi.so */,
				F08D8B0220275BFB00CA4000 /* libgstbayer.so */,
				F08D8B2920275BFD00CA4000 /* libgstbz2.so */,
				F08D8B7620275C0200CA4000 /* libgstcacasink.so */,
				F08D8B3520275BFD00CA4000 /* libgstcairo.so */,
				F08D8B3720275BFD00CA4000 /* libgstcamerabin.so */,
				F08D8B9920275C0400CA4000 /* libgstcdio.so */,
				F08D8B9120275C0400CA4000 /* libgstchromaprint.so */,
				F08D8B7020275C0000CA4000 /* libgstcoloreffects.so */,
				F08D8B7820275C0200CA4000 /* libgstcompositor.so */,
				F08D8B7420275C0200CA4000 /* libgstcoreelements.so */,
				F08D8B9E20275C0400CA4000 /* libgstcoretracers.so */,
				F08D8B5820275BFE00CA4000 /* libgstcurl.so */,
				F08D8B2020275BFC00CA4000 /* libgstcutter.so */,
				F08D8B7A20275C0300CA4000 /* libgstdashdemux.so */,
				F08D8AE920275BFA00CA4000 /* libgstdebug.so */,
				F08D8B1820275BFC00CA4000 /* libgstdebugutilsbad.so */,
				F08D8B9320275C0400CA4000 /* libgstdecklink.so */,
				F08D8B8A20275C0300CA4000 /* libgstdeinterlace.so */,
				F08D8B4A20275BFE00CA4000 /* libgstdtls.so */,
				F08D8B2F20275BFD00CA4000 /* libgstdtmf.so */,
				F08D8B9B20275C0400CA4000 /* libgstdtsdec.so */,
				F08D8B6120275BFF00CA4000 /* libgstdv.so */,
				F08D8B7320275C0000CA4000 /* libgstdvbsuboverlay.so */,
				F08D8B3420275BFD00CA4000 /* libgstdvdlpcmdec.so */,
				F08D8B3920275BFD00CA4000 /* libgstdvdread.so */,
				F08D8B1620275BFC00CA4000 /* libgstdvdspu.so */,
				F08D8B1120275BFB00CA4000 /* libgstdvdsub.so */,
				F08D8AEA20275BFA00CA4000 /* libgsteffectv.so */,
				F08D8B1C20275BFC00CA4000 /* libgstencoding.so */,
				F08D8B6720275C0000CA4000 /* libgstequalizer.so */,
				F08D8B2420275BFC00CA4000 /* libgstfaad.so */,
				F08D8B6220275BFF00CA4000 /* libgstfaceoverlay.so */,
				F08D8BA020275C0400CA4000 /* libgstfestival.so */,
				F08D8B0B20275BFB00CA4000 /* libgstfieldanalysis.so */,
				F08D8AFB20275BFB00CA4000 /* libgstflac.so */,
				F08D8AEB20275BFA00CA4000 /* libgstfluidsynthmidi.so */,
				F08D8B3320275BFD00CA4000 /* libgstflv.so */,
				F08D8AE120275BFA00CA4000 /* libgstflxdec.so */,
				F08D8B2520275BFC00CA4000 /* libgstfreeverb.so */,
				F08D8B9A20275C0400CA4000 /* libgstgaudieffects.so */,
				F08D8B0520275BFB00CA4000 /* libgstgdkpixbuf.so */,
				F08D8B5E20275BFF00CA4000 /* libgstgdp.so */,
				F08D8B6E20275C0000CA4000 /* libgstgeometrictransform.so */,
				F08D8B4920275BFE00CA4000 /* libgstgio.so */,
				F08D8B9620275C0400CA4000 /* libgstgoom.so */,
				F08D8AF520275BFA00CA4000 /* libgstgoom2k1.so */,
				F08D8B0120275BFB00CA4000 /* libgsthls.so */,
				F08D8AF420275BFA00CA4000 /* libgsticydemux.so */,
				F08D8B8020275C0300CA4000 /* libgstid3demux.so */,
				F08D8B5A20275BFF00CA4000 /* libgstid3tag.so */,
				F08D8B0C20275BFB00CA4000 /* libgstimagefreeze.so */,
				F08D8B7D20275C0300CA4000 /* libgstinter.so */,
				F08D8B5F20275BFF00CA4000 /* libgstinterlace.so */,
				F08D8B2A20275BFD00CA4000 /* libgstinterleave.so */,
				F08D8B0D20275BFB00CA4000 /* libgstisomp4.so */,
				F08D8B9420275C0400CA4000 /* libgstivfparse.so */,
				F08D8B4720275BFE00CA4000 /* libgstivtc.so */,
				F08D8B5420275BFE00CA4000 /* libgstjack.so */,
				F08D8AFF20275BFB00CA4000 /* libgstjp2kdecimator.so */,
				F08D8B5020275BFE00CA4000 /* libgstjpeg.so */,
				F08D8B3020275BFD00CA4000 /* libgstjpegformat.so */,
				F08D8ADC20275BF900CA4000 /* libgstlame.so */,
				F08D8AF820275BFA00CA4000 /* libgstlegacyrawparse.so */,
				F08D8B8D20275C0300CA4000 /* libgstlevel.so */,
				F08D8B8B20275C0300CA4000 /* libgstlibav.so */,
				F08D8B4620275BFE00CA4000 /* libgstmatroska.so */,
				F08D8B2620275BFC00CA4000 /* libgstmidi.so */,
				F08D8B4420275BFE00CA4000 /* libgstmms.so */,
				F08D8B7C20275C0300CA4000 /* libgstmodplug.so */,
				F08D8AE520275BFA00CA4000 /* libgstmpeg2dec.so */,
				F08D8B6920275C0000CA4000 /* libgstmpegpsdemux.so */,
				F08D8AE620275BFA00CA4000 /* libgstmpegpsmux.so */,
				F08D8B4020275BFD00CA4000 /* libgstmpegtsdemux.so */,
				F08D8B4B20275BFE00CA4000 /* libgstmpegtsmux.so */,
				F08D8B9220275C0400CA4000 /* libgstmpg123.so */,
				F08D8B9520275C0400CA4000 /* libgstmulaw.so */,
				F08D8B5320275BFE00CA4000 /* libgstmultifile.so */,
				F08D8B6F20275C0000CA4000 /* libgstmultipart.so */,
				F08D8B1D20275BFC00CA4000 /* libgstmusepack.so */,
				F08D8B3120275BFD00CA4000 /* libgstmxf.so */,
				F08D8B8F20275C0400CA4000 /* libgstnavigationtest.so */,
				F08D8B1F20275BFC00CA4000 /* libgstneonhttpsrc.so */,
				F08D8B8620275C0300CA4000 /* libgstnetsim.so */,
				F08D8B3E20275BFD00CA4000 /* libgstogg.so */,
				F08D8B7720275C0200CA4000 /* libgstopenal.so */,
				F08D8B2720275BFC00CA4000 /* libgstopenexr.so */,
				F08D8AF720275BFA00CA4000 /* libgstopengl.so */,
				F08D8ADF20275BF900CA4000 /* libgstopenjpeg.so */,
				F08D8B5C20275BFF00CA4000 /* libgstopus.so */,
				F08D8B7520275C0200CA4000 /* libgstoss4.so */,
				F08D8B6020275BFF00CA4000 /* libgstosxaudio.so */,
				F08D8B7120275C0000CA4000 /* libgstosxvideosink.so */,
				F08D8B8520275C0300CA4000 /* libgstpango.so */,
				F08D8ADB20275BF900CA4000 /* libgstpbtypes.so */,
				F08D8B8820275C0300CA4000 /* libgstpcapparse.so */,
				F08D8B1720275BFC00CA4000 /* libgstplayback.so */,
				F08D8B3620275BFD00CA4000 /* libgstpng.so */,
				F08D8B0020275BFB00CA4000 /* libgstpnm.so */,
				F08D8AE420275BFA00CA4000 /* libgstpulseaudio.so */,
				F08D8B5120275BFE00CA4000 /* libgstrawparse.so */,
				F08D8AF620275BFA00CA4000 /* libgstrealmedia.so */,
				F08D8B1220275BFB00CA4000 /* libgstremovesilence.so */,
				F08D8B8320275C0300CA4000 /* libgstreplaygain.so */,
				F08D8B3820275BFD00CA4000 /* libgstresindvd.so */,
				F08D8B0720275BFB00CA4000 /* libgstrfbsrc.so */,
				F08D8B4C20275BFE00CA4000 /* libgstrsvg.so */,
				F08D8AFD20275BFB00CA4000 /* libgstrtmp.so */,
				F08D8B2E20275BFD00CA4000 /* libgstrtp.so */,
				F08D8B3220275BFD00CA4000 /* libgstrtpmanager.so */,
				F08D8AE020275BF900CA4000 /* libgstrtponvif.so */,
				F08D8B2320275BFC00CA4000 /* libgstrtsp.so */,
				F08D8B8E20275C0300CA4000 /* libgstschro.so */,
				F08D8B6520275BFF00CA4000 /* libgstsdpelem.so */,
				F08D8B1A20275BFC00CA4000 /* libgstsegmentclip.so */,
				F08D8B4E20275BFE00CA4000 /* libgstshapewipe.so */,
				F08D8B2D20275BFD00CA4000 /* libgstshm.so */,
				F08D8B9C20275C0400CA4000 /* libgstshout2.so */,
				F08D8B2B20275BFD00CA4000 /* libgstsiren.so */,
				F08D8B6C20275C0000CA4000 /* libgstsmooth.so */,
				F08D8ADD20275BF900CA4000 /* libgstsmoothstreaming.so */,
				F08D8B2C20275BFD00CA4000 /* libgstsmpte.so */,
				F08D8B6620275BFF00CA4000 /* libgstsndfile.so */,
				F08D8B4F20275BFE00CA4000 /* libgstsoundtouch.so */,
				F08D8AF920275BFA00CA4000 /* libgstsoup.so */,
				F08D8B3D20275BFD00CA4000 /* libgstspandsp.so */,
				F08D8B1B20275BFC00CA4000 /* libgstspectrum.so */,
				F08D8B5D20275BFF00CA4000 /* libgstspeed.so */,
				F08D8B7920275C0300CA4000 /* libgstspeex.so */,
				F08D8B1E20275BFC00CA4000 /* libgststereo.so */,
				F08D8ADE20275BF900CA4000 /* libgstsubenc.so */,
				F08D8AF020275BFA00CA4000 /* libgstsubparse.so */,
				F08D8B0E20275BFB00CA4000 /* libgsttaglib.so */,
				F08D8B5920275BFF00CA4000 /* libgsttcp.so */,
				F08D8B6320275BFF00CA4000 /* libgsttheora.so */,
				F08D8B1420275BFC00CA4000 /* libgsttimecode.so */,
				F08D8B9720275C0400CA4000 /* libgstttmlsubs.so */,
				F08D8B8C20275C0300CA4000 /* libgsttwolame.so */,
				F08D8B3B20275BFD00CA4000 /* libgsttypefindfunctions.so */,
				F08D8B2120275BFC00CA4000 /* libgstudp.so */,
				F08D8B6820275C0000CA4000 /* libgstvideobox.so */,
				F08D8B0920275BFB00CA4000 /* libgstvideoconvert.so */,
				F08D8AF320275BFA00CA4000 /* libgstvideocrop.so */,
				F08D8AEE20275BFA00CA4000 /* libgstvideofilter.so */,
				F08D8AF120275BFA00CA4000 /* libgstvideofiltersbad.so */,
				F08D8B9F20275C0400CA4000 /* libgstvideoframe_audiolevel.so */,
				F08D8B0620275BFB00CA4000 /* libgstvideomixer.so */,
				F08D8AF220275BFA00CA4000 /* libgstvideoparsersbad.so */,
				F08D8AE720275BFA00CA4000 /* libgstvideorate.so */,
				F08D8B5220275BFE00CA4000 /* libgstvideoscale.so */,
				F08D8AE320275BFA00CA4000 /* libgstvideosignal.so */,
				F08D8B9820275C0400CA4000 /* libgstvideotestsrc.so */,
				F08D8B9D20275C0400CA4000 /* libgstvmnc.so */,
				F08D8AFE20275BFB00CA4000 /* libgstvolume.so */,
				F08D8B1020275BFB00CA4000 /* libgstvorbis.so */,
				F08D8AED20275BFA00CA4000 /* libgstvpx.so */,
				F08D8B1320275BFB00CA4000 /* libgstwavenc.so */,
				F08D8B0820275BFB00CA4000 /* libgstwavpack.so */,
				F08D8B5720275BFE00CA4000 /* libgstwavparse.so */,
				F08D8B4120275BFD00CA4000 /* libgstwebp.so */,
				F08D8B7E20275C0300CA4000 /* libgstx264.so */,
				F08D8B3C20275BFD00CA4000 /* libgstx265.so */,
				F08D8B4D20275BFE00CA4000 /* libgstximagesink.so */,
				F08D8B1520275BFC00CA4000 /* libgstximagesrc.so */,
				F08D8B0F20275BFB00CA4000 /* libgstxingmux.so */,
				F08D8B0420275BFB00CA4000 /* libgstxvimagesink.so */,
				F08D8AEC20275BFA00CA4000 /* libgsty4mdec.so */,
				F08D8B3F20275BFD00CA4000 /* libgsty4menc.so */,
				F08D8B4520275BFE00CA4000 /* libgstyadif.so */,
				F08D8AB520275AF800CA4000 /* libgstadaptivedemux-1.0.0.dylib */,
				F08D8AC020275AF800CA4000 /* libgstadaptivedemux-1.0.a */,
				F08D8AB020275AF800CA4000 /* libgstbadallocators-1.0.0.dylib */,
				F08D8AAC20275AF800CA4000 /* libgstbadallocators-1.0.a */,
				F08D8ABB20275AF800CA4000 /* libgstbadaudio-1.0.0.dylib */,
				F08D8AB120275AF800CA4000 /* libgstbadaudio-1.0.a */,
				F08D8AAD20275AF800CA4000 /* libgstbadbase-1.0.0.dylib */,
				F08D8AA820275AF800CA4000 /* libgstbadbase-1.0.a */,
				F08D8AAE20275AF800CA4000 /* libgstbadvideo-1.0.0.dylib */,
				F08D8AAF20275AF800CA4000 /* libgstbadvideo-1.0.a */,
				F08D8AB620275AF800CA4000 /* libgstbasecamerabinsrc-1.0.0.dylib */,
				F08D8AAA20275AF800CA4000 /* libgstbasecamerabinsrc-1.0.a */,
				F08D8ABA20275AF800CA4000 /* libgstcodecparsers-1.0.0.dylib */,
				F08D8ABC20275AF800CA4000 /* libgstcodecparsers-1.0.a */,
				F08D8AB920275AF800CA4000 /* libgstgl-1.0.0.dylib */,
				F08D8AB720275AF800CA4000 /* libgstgl-1.0.a */,
				F08D8AB220275AF800CA4000 /* libgstinsertbin-1.0.0.dylib */,
				F08D8ABD20275AF800CA4000 /* libgstinsertbin-1.0.a */,
				F08D8AB820275AF800CA4000 /* libgstmpegts-1.0.0.dylib */,
				F08D8AAB20275AF800CA4000 /* libgstmpegts-1.0.a */,
				F08D8ABE20275AF800CA4000 /* libgstphotography-1.0.0.dylib */,
				F08D8AA920275AF800CA4000 /* libgstphotography-1.0.a */,
				F08D8AB320275AF800CA4000 /* libgstplayer-1.0.0.dylib */,
				F08D8AA720275AF700CA4000 /* libgstplayer-1.0.a */,
				F08D8AB420275AF800CA4000 /* libgsturidownloader-1.0.0.dylib */,
				F08D8ABF20275AF800CA4000 /* libgsturidownloader-1.0.a */,
				F00CB94420272DA500681E0D /* libboost_atomic-mt.dylib */,
				F00CB94720272DA500681E0D /* libboost_chrono-mt.a */,
				F00CB95520272DA600681E0D /* libboost_chrono-mt.dylib */,
				F00CB95220272DA600681E0D /* libboost_container-mt.dylib */,
				F00CB95420272DA600681E0D /* libboost_context-mt.dylib */,
				F00CB96020272DA600681E0D /* libboost_coroutine-mt.dylib */,
				F00CB95E20272DA600681E0D /* libboost_date_time-mt.dylib */,
				F00CB95120272DA600681E0D /* libboost_filesystem-mt.dylib */,
				F00CB95920272DA600681E0D /* libboost_graph-mt.dylib */,
				F00CB95020272DA600681E0D /* libboost_iostreams-mt.dylib */,
				F00CB94E20272DA500681E0D /* libboost_locale-mt.dylib */,
				F00CB94820272DA500681E0D /* libboost_log_setup-mt.dylib */,
				F00CB95D20272DA600681E0D /* libboost_math_c99-mt.dylib */,
				F00CB94920272DA500681E0D /* libboost_math_c99f-mt.dylib */,
				F00CB94A20272DA500681E0D /* libboost_math_c99l-mt.dylib */,
				F00CB95B20272DA600681E0D /* libboost_math_tr1-mt.dylib */,
				F00CB96320272DA600681E0D /* libboost_math_tr1f-mt.dylib */,
				F00CB94520272DA500681E0D /* libboost_math_tr1l-mt.dylib */,
				F00CB94620272DA500681E0D /* libboost_numpy-mt.dylib */,
				F00CB95820272DA600681E0D /* libboost_prg_exec_monitor-mt.dylib */,
				F00CB95F20272DA600681E0D /* libboost_python-mt.dylib */,
				F00CB94120272DA500681E0D /* libboost_random-mt.dylib */,
				F00CB94B20272DA500681E0D /* libboost_regex-mt.dylib */,
				F00CB95320272DA600681E0D /* libboost_serialization-mt.dylib */,
				F00CB94220272DA500681E0D /* libboost_signals-mt.dylib */,
				F00CB96420272DA600681E0D /* libboost_stacktrace_addr2line-mt.dylib */,
				F00CB94C20272DA500681E0D /* libboost_stacktrace_basic-mt.dylib */,
				F00CB94D20272DA500681E0D /* libboost_stacktrace_noop-mt.dylib */,
				F00CB94F20272DA500681E0D /* libboost_system-mt.dylib */,
				F00CB96220272DA600681E0D /* libboost_test_exec_monitor-mt.a */,
				F00CB95620272DA600681E0D /* libboost_timer-mt.dylib */,
				F00CB94320272DA500681E0D /* libboost_type_erasure-mt.dylib */,
				F00CB95720272DA600681E0D /* libboost_unit_test_framework-mt.a */,
				F00CB95A20272DA600681E0D /* libboost_unit_test_framework-mt.dylib */,
				F00CB96120272DA600681E0D /* libboost_wave-mt.dylib */,
				F00CB95C20272DA600681E0D /* libboost_wserialization-mt.dylib */,
				F00CB93F20272D2200681E0D /* libboost_exception-mt.a */,
				F070E8C9202723C00091F41C /* libboost_program_options-mt.dylib */,
				F0A514B9202630E300003BCF /* libboost_thread-mt.dylib */,
				F0A514B720262C3100003BCF /* libboost_system-mt.a */,
				F0A514B520262C1B00003BCF /* libboost_timer-mt.a */,
				F0A514B32026275F00003BCF /* libboost_log-mt.dylib */,
			);
			name = Frameworks;
			sourceTree = "<group>";
		};
		F0A514BC2026458F00003BCF /* res */ = {
			isa = PBXGroup;
			children = (
				F0A514BD2026459800003BCF /* bigben */,
			);
			path = res;
			sourceTree = "<group>";
		};
		F0A514BD2026459800003BCF /* bigben */ = {
			isa = PBXGroup;
			children = (
			);
			path = bigben;
			sourceTree = "<group>";
		};
/* End PBXGroup section */

/* Begin PBXNativeTarget section */
		F09052E720261D8400B5CDF0 /* BigBen */ = {
			isa = PBXNativeTarget;
			buildConfigurationList = F09052EF20261D8400B5CDF0 /* Build configuration list for PBXNativeTarget "BigBen" */;
			buildPhases = (
				F09052E420261D8400B5CDF0 /* Sources */,
				F09052E520261D8400B5CDF0 /* Frameworks */,
				F09052E620261D8400B5CDF0 /* CopyFiles */,
			);
			buildRules = (
			);
			dependencies = (
			);
			name = BigBen;
			productName = BigBen;
			productReference = F09052E820261D8400B5CDF0 /* BigBen */;
			productType = "com.apple.product-type.tool";
		};
/* End PBXNativeTarget section */

/* Begin PBXProject section */
		F09052E020261D8400B5CDF0 /* Project object */ = {
			isa = PBXProject;
			attributes = {
				LastUpgradeCheck = 0920;
				ORGANIZATIONNAME = Silence;
				TargetAttributes = {
					F09052E720261D8400B5CDF0 = {
						CreatedOnToolsVersion = 9.2;
						ProvisioningStyle = Automatic;
					};
				};
			};
			buildConfigurationList = F09052E320261D8400B5CDF0 /* Build configuration list for PBXProject "BigBen" */;
			compatibilityVersion = "Xcode 8.0";
			developmentRegion = en;
			hasScannedForEncodings = 0;
			knownRegions = (
				en,
			);
			mainGroup = F09052DF20261D8400B5CDF0;
			productRefGroup = F09052E920261D8400B5CDF0 /* Products */;
			projectDirPath = "";
			projectRoot = "";
			targets = (
				F09052E720261D8400B5CDF0 /* BigBen */,
			);
		};
/* End PBXProject section */

/* Begin PBXSourcesBuildPhase section */
		F09052E420261D8400B5CDF0 /* Sources */ = {
			isa = PBXSourcesBuildPhase;
			buildActionMask = 2147483647;
			files = (
				F09052F420261DC800B5CDF0 /* clock.cpp in Sources */,
				F0619FA2202737B70059CF22 /* sound.cpp in Sources */,
				F09052EC20261D8400B5CDF0 /* main.cpp in Sources */,
			);
			runOnlyForDeploymentPostprocessing = 0;
		};
/* End PBXSourcesBuildPhase section */

/* Begin XCBuildConfiguration section */
		F09052ED20261D8400B5CDF0 /* Debug */ = {
			isa = XCBuildConfiguration;
			buildSettings = {
				ALWAYS_SEARCH_USER_PATHS = NO;
				CLANG_ANALYZER_NONNULL = YES;
				CLANG_ANALYZER_NUMBER_OBJECT_CONVERSION = YES_AGGRESSIVE;
				CLANG_CXX_LANGUAGE_STANDARD = "gnu++14";
				CLANG_CXX_LIBRARY = "libc++";
				CLANG_ENABLE_MODULES = YES;
				CLANG_ENABLE_OBJC_ARC = YES;
				CLANG_WARN_BLOCK_CAPTURE_AUTORELEASING = YES;
				CLANG_WARN_BOOL_CONVERSION = YES;
				CLANG_WARN_COMMA = YES;
				CLANG_WARN_CONSTANT_CONVERSION = YES;
				CLANG_WARN_DIRECT_OBJC_ISA_USAGE = YES_ERROR;
				CLANG_WARN_DOCUMENTATION_COMMENTS = YES;
				CLANG_WARN_EMPTY_BODY = YES;
				CLANG_WARN_ENUM_CONVERSION = YES;
				CLANG_WARN_INFINITE_RECURSION = YES;
				CLANG_WARN_INT_CONVERSION = YES;
				CLANG_WARN_NON_LITERAL_NULL_CONVERSION = YES;
				CLANG_WARN_OBJC_LITERAL_CONVERSION = YES;
				CLANG_WARN_OBJC_ROOT_CLASS = YES_ERROR;
				CLANG_WARN_RANGE_LOOP_ANALYSIS = YES;
				CLANG_WARN_STRICT_PROTOTYPES = YES;
				CLANG_WARN_SUSPICIOUS_MOVE = YES;
				CLANG_WARN_UNGUARDED_AVAILABILITY = YES_AGGRESSIVE;
				CLANG_WARN_UNREACHABLE_CODE = YES;
				CLANG_WARN__DUPLICATE_METHOD_MATCH = YES;
				CODE_SIGN_IDENTITY = "Mac Developer";
				COPY_PHASE_STRIP = NO;
				DEBUG_INFORMATION_FORMAT = dwarf;
				ENABLE_STRICT_OBJC_MSGSEND = YES;
				ENABLE_TESTABILITY = YES;
				GCC_C_LANGUAGE_STANDARD = gnu11;
				GCC_DYNAMIC_NO_PIC = NO;
				GCC_NO_COMMON_BLOCKS = YES;
				GCC_OPTIMIZATION_LEVEL = 0;
				GCC_PREPROCESSOR_DEFINITIONS = (
					"DEBUG=1",
					"$(inherited)",
				);
				GCC_WARN_64_TO_32_BIT_CONVERSION = YES;
				GCC_WARN_ABOUT_RETURN_TYPE = YES_ERROR;
				GCC_WARN_UNDECLARED_SELECTOR = YES;
				GCC_WARN_UNINITIALIZED_AUTOS = YES_AGGRESSIVE;
				GCC_WARN_UNUSED_FUNCTION = YES;
				GCC_WARN_UNUSED_VARIABLE = YES;
				HEADER_SEARCH_PATHS = "";
				MACOSX_DEPLOYMENT_TARGET = 10.13;
				MTL_ENABLE_DEBUG_INFO = YES;
				ONLY_ACTIVE_ARCH = YES;
				SDKROOT = macosx;
			};
			name = Debug;
		};
		F09052EE20261D8400B5CDF0 /* Release */ = {
			isa = XCBuildConfiguration;
			buildSettings = {
				ALWAYS_SEARCH_USER_PATHS = NO;
				CLANG_ANALYZER_NONNULL = YES;
				CLANG_ANALYZER_NUMBER_OBJECT_CONVERSION = YES_AGGRESSIVE;
				CLANG_CXX_LANGUAGE_STANDARD = "gnu++14";
				CLANG_CXX_LIBRARY = "libc++";
				CLANG_ENABLE_MODULES = YES;
				CLANG_ENABLE_OBJC_ARC = YES;
				CLANG_WARN_BLOCK_CAPTURE_AUTORELEASING = YES;
				CLANG_WARN_BOOL_CONVERSION = YES;
				CLANG_WARN_COMMA = YES;
				CLANG_WARN_CONSTANT_CONVERSION = YES;
				CLANG_WARN_DIRECT_OBJC_ISA_USAGE = YES_ERROR;
				CLANG_WARN_DOCUMENTATION_COMMENTS = YES;
				CLANG_WARN_EMPTY_BODY = YES;
				CLANG_WARN_ENUM_CONVERSION = YES;
				CLANG_WARN_INFINITE_RECURSION = YES;
				CLANG_WARN_INT_CONVERSION = YES;
				CLANG_WARN_NON_LITERAL_NULL_CONVERSION = YES;
				CLANG_WARN_OBJC_LITERAL_CONVERSION = YES;
				CLANG_WARN_OBJC_ROOT_CLASS = YES_ERROR;
				CLANG_WARN_RANGE_LOOP_ANALYSIS = YES;
				CLANG_WARN_STRICT_PROTOTYPES = YES;
				CLANG_WARN_SUSPICIOUS_MOVE = YES;
				CLANG_WARN_UNGUARDED_AVAILABILITY = YES_AGGRESSIVE;
				CLANG_WARN_UNREACHABLE_CODE = YES;
				CLANG_WARN__DUPLICATE_METHOD_MATCH = YES;
				CODE_SIGN_IDENTITY = "Mac Developer";
				COPY_PHASE_STRIP = NO;
				DEBUG_INFORMATION_FORMAT = "dwarf-with-dsym";
				ENABLE_NS_ASSERTIONS = NO;
				ENABLE_STRICT_OBJC_MSGSEND = YES;
				GCC_C_LANGUAGE_STANDARD = gnu11;
				GCC_NO_COMMON_BLOCKS = YES;
				GCC_WARN_64_TO_32_BIT_CONVERSION = YES;
				GCC_WARN_ABOUT_RETURN_TYPE = YES_ERROR;
				GCC_WARN_UNDECLARED_SELECTOR = YES;
				GCC_WARN_UNINITIALIZED_AUTOS = YES_AGGRESSIVE;
				GCC_WARN_UNUSED_FUNCTION = YES;
				GCC_WARN_UNUSED_VARIABLE = YES;
				HEADER_SEARCH_PATHS = "";
				MACOSX_DEPLOYMENT_TARGET = 10.13;
				MTL_ENABLE_DEBUG_INFO = NO;
				SDKROOT = macosx;
			};
			name = Release;
		};
		F09052F020261D8400B5CDF0 /* Debug */ = {
			isa = XCBuildConfiguration;
			buildSettings = {
				ALWAYS_SEARCH_USER_PATHS = NO;
				CODE_SIGN_STYLE = Automatic;
				DEVELOPMENT_TEAM = 2CX65XN64U;
				HEADER_SEARCH_PATHS = (
					/opt/local/include,
					"/opt/local/include/gstreamer-1.0",
					"/opt/local/include/glib-2.0",
					"/opt/local/lib/glib-2.0/include",
				);
				LIBRARY_SEARCH_PATHS = "/opt/local/lib/**";
				PRODUCT_NAME = "$(TARGET_NAME)";
				USER_HEADER_SEARCH_PATHS = "${SRCROOT}/inc";
			};
			name = Debug;
		};
		F09052F120261D8400B5CDF0 /* Release */ = {
			isa = XCBuildConfiguration;
			buildSettings = {
				ALWAYS_SEARCH_USER_PATHS = NO;
				CODE_SIGN_STYLE = Automatic;
				DEVELOPMENT_TEAM = 2CX65XN64U;
				HEADER_SEARCH_PATHS = (
					/opt/local/include,
					"/opt/local/include/gstreamer-1.0",
					"/opt/local/include/glib-2.0",
					"/opt/local/lib/glib-2.0/include",
				);
				LIBRARY_SEARCH_PATHS = "/opt/local/lib/**";
				PRODUCT_NAME = "$(TARGET_NAME)";
				USER_HEADER_SEARCH_PATHS = "${SRCROOT}/inc";
			};
			name = Release;
		};
/* End XCBuildConfiguration section */

/* Begin XCConfigurationList section */
		F09052E320261D8400B5CDF0 /* Build configuration list for PBXProject "BigBen" */ = {
			isa = XCConfigurationList;
			buildConfigurations = (
				F09052ED20261D8400B5CDF0 /* Debug */,
				F09052EE20261D8400B5CDF0 /* Release */,
			);
			defaultConfigurationIsVisible = 0;
			defaultConfigurationName = Release;
		};
		F09052EF20261D8400B5CDF0 /* Build configuration list for PBXNativeTarget "BigBen" */ = {
			isa = XCConfigurationList;
			buildConfigurations = (
				F09052F020261D8400B5CDF0 /* Debug */,
				F09052F120261D8400B5CDF0 /* Release */,
			);
			defaultConfigurationIsVisible = 0;
			defaultConfigurationName = Release;
		};
/* End XCConfigurationList section */
	};
	rootObject = F09052E020261D8400B5CDF0 /* Project object */;
}
