// !$*UTF8*$!
{
	archiveVersion = 1;
	classes = {
	};
	objectVersion = 48;
	objects = {

/* Begin PBXBuildFile section */
		F00CB96C20272DA700681E0D /* libboost_log_setup-mt.dylib in Frameworks */ = {isa = PBXBuildFile; fileRef = F00CB94820272DA500681E0D /* libboost_log_setup-mt.dylib */; };
		F00CB97320272DA700681E0D /* libboost_system-mt.dylib in Frameworks */ = {isa = PBXBuildFile; fileRef = F00CB94F20272DA500681E0D /* libboost_system-mt.dylib */; };
		F00CB97A20272DA700681E0D /* libboost_timer-mt.dylib in Frameworks */ = {isa = PBXBuildFile; fileRef = F00CB95620272DA600681E0D /* libboost_timer-mt.dylib */; };
		F0619FA2202737B70059CF22 /* sound.cpp in Sources */ = {isa = PBXBuildFile; fileRef = F0619FA0202737B70059CF22 /* sound.cpp */; settings = {COMPILER_FLAGS = "-DBOOST_LOG_DYN_LINK"; }; };
		F070E8CA202723C00091F41C /* libboost_program_options-mt.dylib in Frameworks */ = {isa = PBXBuildFile; fileRef = F070E8C9202723C00091F41C /* libboost_program_options-mt.dylib */; };
		F09052EC20261D8400B5CDF0 /* main.cpp in Sources */ = {isa = PBXBuildFile; fileRef = F09052EB20261D8400B5CDF0 /* main.cpp */; settings = {COMPILER_FLAGS = "-DBOOST_LOG_DYN_LINK"; }; };
		F09052F420261DC800B5CDF0 /* clock.cpp in Sources */ = {isa = PBXBuildFile; fileRef = F09052F220261DC800B5CDF0 /* clock.cpp */; settings = {COMPILER_FLAGS = "-DBOOST_LOG_DYN_LINK"; }; };
		F0A514B42026275F00003BCF /* libboost_log-mt.dylib in Frameworks */ = {isa = PBXBuildFile; fileRef = F0A514B32026275F00003BCF /* libboost_log-mt.dylib */; };
		F0A514B620262C1B00003BCF /* libboost_timer-mt.a in Frameworks */ = {isa = PBXBuildFile; fileRef = F0A514B520262C1B00003BCF /* libboost_timer-mt.a */; };
/* End PBXBuildFile section */

/* Begin PBXCopyFilesBuildPhase section */
		F09052E620261D8400B5CDF0 /* CopyFiles */ = {
			isa = PBXCopyFilesBuildPhase;
			buildActionMask = 2147483647;
			dstPath = /usr/share/man/man1/;
			dstSubfolderSpec = 0;
			files = (
			);
			runOnlyForDeploymentPostprocessing = 1;
		};
/* End PBXCopyFilesBuildPhase section */

/* Begin PBXFileReference section */
		F00CB93F20272D2200681E0D /* libboost_exception-mt.a */ = {isa = PBXFileReference; lastKnownFileType = archive.ar; name = "libboost_exception-mt.a"; path = "../../../../../opt/local/lib/libboost_exception-mt.a"; sourceTree = "<group>"; };
		F00CB94120272DA500681E0D /* libboost_random-mt.dylib */ = {isa = PBXFileReference; lastKnownFileType = "compiled.mach-o.dylib"; name = "libboost_random-mt.dylib"; path = "../../../../../opt/local/lib/libboost_random-mt.dylib"; sourceTree = "<group>"; };
		F00CB94220272DA500681E0D /* libboost_signals-mt.dylib */ = {isa = PBXFileReference; lastKnownFileType = "compiled.mach-o.dylib"; name = "libboost_signals-mt.dylib"; path = "../../../../../opt/local/lib/libboost_signals-mt.dylib"; sourceTree = "<group>"; };
		F00CB94320272DA500681E0D /* libboost_type_erasure-mt.dylib */ = {isa = PBXFileReference; lastKnownFileType = "compiled.mach-o.dylib"; name = "libboost_type_erasure-mt.dylib"; path = "../../../../../opt/local/lib/libboost_type_erasure-mt.dylib"; sourceTree = "<group>"; };
		F00CB94420272DA500681E0D /* libboost_atomic-mt.dylib */ = {isa = PBXFileReference; lastKnownFileType = "compiled.mach-o.dylib"; name = "libboost_atomic-mt.dylib"; path = "../../../../../opt/local/lib/libboost_atomic-mt.dylib"; sourceTree = "<group>"; };
		F00CB94520272DA500681E0D /* libboost_math_tr1l-mt.dylib */ = {isa = PBXFileReference; lastKnownFileType = "compiled.mach-o.dylib"; name = "libboost_math_tr1l-mt.dylib"; path = "../../../../../opt/local/lib/libboost_math_tr1l-mt.dylib"; sourceTree = "<group>"; };
		F00CB94620272DA500681E0D /* libboost_numpy-mt.dylib */ = {isa = PBXFileReference; lastKnownFileType = "compiled.mach-o.dylib"; name = "libboost_numpy-mt.dylib"; path = "../../../../../opt/local/lib/libboost_numpy-mt.dylib"; sourceTree = "<group>"; };
		F00CB94720272DA500681E0D /* libboost_chrono-mt.a */ = {isa = PBXFileReference; lastKnownFileType = archive.ar; name = "libboost_chrono-mt.a"; path = "../../../../../opt/local/lib/libboost_chrono-mt.a"; sourceTree = "<group>"; };
		F00CB94820272DA500681E0D /* libboost_log_setup-mt.dylib */ = {isa = PBXFileReference; lastKnownFileType = "compiled.mach-o.dylib"; name = "libboost_log_setup-mt.dylib"; path = "../../../../../opt/local/lib/libboost_log_setup-mt.dylib"; sourceTree = "<group>"; };
		F00CB94920272DA500681E0D /* libboost_math_c99f-mt.dylib */ = {isa = PBXFileReference; lastKnownFileType = "compiled.mach-o.dylib"; name = "libboost_math_c99f-mt.dylib"; path = "../../../../../opt/local/lib/libboost_math_c99f-mt.dylib"; sourceTree = "<group>"; };
		F00CB94A20272DA500681E0D /* libboost_math_c99l-mt.dylib */ = {isa = PBXFileReference; lastKnownFileType = "compiled.mach-o.dylib"; name = "libboost_math_c99l-mt.dylib"; path = "../../../../../opt/local/lib/libboost_math_c99l-mt.dylib"; sourceTree = "<group>"; };
		F00CB94B20272DA500681E0D /* libboost_regex-mt.dylib */ = {isa = PBXFileReference; lastKnownFileType = "compiled.mach-o.dylib"; name = "libboost_regex-mt.dylib"; path = "../../../../../opt/local/lib/libboost_regex-mt.dylib"; sourceTree = "<group>"; };
		F00CB94C20272DA500681E0D /* libboost_stacktrace_basic-mt.dylib */ = {isa = PBXFileReference; lastKnownFileType = "compiled.mach-o.dylib"; name = "libboost_stacktrace_basic-mt.dylib"; path = "../../../../../opt/local/lib/libboost_stacktrace_basic-mt.dylib"; sourceTree = "<group>"; };
		F00CB94D20272DA500681E0D /* libboost_stacktrace_noop-mt.dylib */ = {isa = PBXFileReference; lastKnownFileType = "compiled.mach-o.dylib"; name = "libboost_stacktrace_noop-mt.dylib"; path = "../../../../../opt/local/lib/libboost_stacktrace_noop-mt.dylib"; sourceTree = "<group>"; };
		F00CB94E20272DA500681E0D /* libboost_locale-mt.dylib */ = {isa = PBXFileReference; lastKnownFileType = "compiled.mach-o.dylib"; name = "libboost_locale-mt.dylib"; path = "../../../../../opt/local/lib/libboost_locale-mt.dylib"; sourceTree = "<group>"; };
		F00CB94F20272DA500681E0D /* libboost_system-mt.dylib */ = {isa = PBXFileReference; lastKnownFileType = "compiled.mach-o.dylib"; name = "libboost_system-mt.dylib"; path = "../../../../../opt/local/lib/libboost_system-mt.dylib"; sourceTree = "<group>"; };
		F00CB95020272DA600681E0D /* libboost_iostreams-mt.dylib */ = {isa = PBXFileReference; lastKnownFileType = "compiled.mach-o.dylib"; name = "libboost_iostreams-mt.dylib"; path = "../../../../../opt/local/lib/libboost_iostreams-mt.dylib"; sourceTree = "<group>"; };
		F00CB95120272DA600681E0D /* libboost_filesystem-mt.dylib */ = {isa = PBXFileReference; lastKnownFileType = "compiled.mach-o.dylib"; name = "libboost_filesystem-mt.dylib"; path = "../../../../../opt/local/lib/libboost_filesystem-mt.dylib"; sourceTree = "<group>"; };
		F00CB95220272DA600681E0D /* libboost_container-mt.dylib */ = {isa = PBXFileReference; lastKnownFileType = "compiled.mach-o.dylib"; name = "libboost_container-mt.dylib"; path = "../../../../../opt/local/lib/libboost_container-mt.dylib"; sourceTree = "<group>"; };
		F00CB95320272DA600681E0D /* libboost_serialization-mt.dylib */ = {isa = PBXFileReference; lastKnownFileType = "compiled.mach-o.dylib"; name = "libboost_serialization-mt.dylib"; path = "../../../../../opt/local/lib/libboost_serialization-mt.dylib"; sourceTree = "<group>"; };
		F00CB95420272DA600681E0D /* libboost_context-mt.dylib */ = {isa = PBXFileReference; lastKnownFileType = "compiled.mach-o.dylib"; name = "libboost_context-mt.dylib"; path = "../../../../../opt/local/lib/libboost_context-mt.dylib"; sourceTree = "<group>"; };
		F00CB95520272DA600681E0D /* libboost_chrono-mt.dylib */ = {isa = PBXFileReference; lastKnownFileType = "compiled.mach-o.dylib"; name = "libboost_chrono-mt.dylib"; path = "../../../../../opt/local/lib/libboost_chrono-mt.dylib"; sourceTree = "<group>"; };
		F00CB95620272DA600681E0D /* libboost_timer-mt.dylib */ = {isa = PBXFileReference; lastKnownFileType = "compiled.mach-o.dylib"; name = "libboost_timer-mt.dylib"; path = "../../../../../opt/local/lib/libboost_timer-mt.dylib"; sourceTree = "<group>"; };
		F00CB95720272DA600681E0D /* libboost_unit_test_framework-mt.a */ = {isa = PBXFileReference; lastKnownFileType = archive.ar; name = "libboost_unit_test_framework-mt.a"; path = "../../../../../opt/local/lib/libboost_unit_test_framework-mt.a"; sourceTree = "<group>"; };
		F00CB95820272DA600681E0D /* libboost_prg_exec_monitor-mt.dylib */ = {isa = PBXFileReference; lastKnownFileType = "compiled.mach-o.dylib"; name = "libboost_prg_exec_monitor-mt.dylib"; path = "../../../../../opt/local/lib/libboost_prg_exec_monitor-mt.dylib"; sourceTree = "<group>"; };
		F00CB95920272DA600681E0D /* libboost_graph-mt.dylib */ = {isa = PBXFileReference; lastKnownFileType = "compiled.mach-o.dylib"; name = "libboost_graph-mt.dylib"; path = "../../../../../opt/local/lib/libboost_graph-mt.dylib"; sourceTree = "<group>"; };
		F00CB95A20272DA600681E0D /* libboost_unit_test_framework-mt.dylib */ = {isa = PBXFileReference; lastKnownFileType = "compiled.mach-o.dylib"; name = "libboost_unit_test_framework-mt.dylib"; path = "../../../../../opt/local/lib/libboost_unit_test_framework-mt.dylib"; sourceTree = "<group>"; };
		F00CB95B20272DA600681E0D /* libboost_math_tr1-mt.dylib */ = {isa = PBXFileReference; lastKnownFileType = "compiled.mach-o.dylib"; name = "libboost_math_tr1-mt.dylib"; path = "../../../../../opt/local/lib/libboost_math_tr1-mt.dylib"; sourceTree = "<group>"; };
		F00CB95C20272DA600681E0D /* libboost_wserialization-mt.dylib */ = {isa = PBXFileReference; lastKnownFileType = "compiled.mach-o.dylib"; name = "libboost_wserialization-mt.dylib"; path = "../../../../../opt/local/lib/libboost_wserialization-mt.dylib"; sourceTree = "<group>"; };
		F00CB95D20272DA600681E0D /* libboost_math_c99-mt.dylib */ = {isa = PBXFileReference; lastKnownFileType = "compiled.mach-o.dylib"; name = "libboost_math_c99-mt.dylib"; path = "../../../../../opt/local/lib/libboost_math_c99-mt.dylib"; sourceTree = "<group>"; };
		F00CB95E20272DA600681E0D /* libboost_date_time-mt.dylib */ = {isa = PBXFileReference; lastKnownFileType = "compiled.mach-o.dylib"; name = "libboost_date_time-mt.dylib"; path = "../../../../../opt/local/lib/libboost_date_time-mt.dylib"; sourceTree = "<group>"; };
		F00CB95F20272DA600681E0D /* libboost_python-mt.dylib */ = {isa = PBXFileReference; lastKnownFileType = "compiled.mach-o.dylib"; name = "libboost_python-mt.dylib"; path = "../../../../../opt/local/lib/libboost_python-mt.dylib"; sourceTree = "<group>"; };
		F00CB96020272DA600681E0D /* libboost_coroutine-mt.dylib */ = {isa = PBXFileReference; lastKnownFileType = "compiled.mach-o.dylib"; name = "libboost_coroutine-mt.dylib"; path = "../../../../../opt/local/lib/libboost_coroutine-mt.dylib"; sourceTree = "<group>"; };
		F00CB96120272DA600681E0D /* libboost_wave-mt.dylib */ = {isa = PBXFileReference; lastKnownFileType = "compiled.mach-o.dylib"; name = "libboost_wave-mt.dylib"; path = "../../../../../opt/local/lib/libboost_wave-mt.dylib"; sourceTree = "<group>"; };
		F00CB96220272DA600681E0D /* libboost_test_exec_monitor-mt.a */ = {isa = PBXFileReference; lastKnownFileType = archive.ar; name = "libboost_test_exec_monitor-mt.a"; path = "../../../../../opt/local/lib/libboost_test_exec_monitor-mt.a"; sourceTree = "<group>"; };
		F00CB96320272DA600681E0D /* libboost_math_tr1f-mt.dylib */ = {isa = PBXFileReference; lastKnownFileType = "compiled.mach-o.dylib"; name = "libboost_math_tr1f-mt.dylib"; path = "../../../../../opt/local/lib/libboost_math_tr1f-mt.dylib"; sourceTree = "<group>"; };
		F00CB96420272DA600681E0D /* libboost_stacktrace_addr2line-mt.dylib */ = {isa = PBXFileReference; lastKnownFileType = "compiled.mach-o.dylib"; name = "libboost_stacktrace_addr2line-mt.dylib"; path = "../../../../../opt/local/lib/libboost_stacktrace_addr2line-mt.dylib"; sourceTree = "<group>"; };
		F0619FA0202737B70059CF22 /* sound.cpp */ = {isa = PBXFileReference; lastKnownFileType = sourcecode.cpp.cpp; path = sound.cpp; sourceTree = "<group>"; };
		F0619FA1202737B70059CF22 /* sound.hpp */ = {isa = PBXFileReference; lastKnownFileType = sourcecode.cpp.h; path = sound.hpp; sourceTree = "<group>"; };
		F070E8C9202723C00091F41C /* libboost_program_options-mt.dylib */ = {isa = PBXFileReference; lastKnownFileType = "compiled.mach-o.dylib"; name = "libboost_program_options-mt.dylib"; path = "../../../../../opt/local/lib/libboost_program_options-mt.dylib"; sourceTree = "<group>"; };
		F09052E820261D8400B5CDF0 /* BigBen */ = {isa = PBXFileReference; explicitFileType = "compiled.mach-o.executable"; includeInIndex = 0; path = BigBen; sourceTree = BUILT_PRODUCTS_DIR; };
		F09052EB20261D8400B5CDF0 /* main.cpp */ = {isa = PBXFileReference; lastKnownFileType = sourcecode.cpp.cpp; path = main.cpp; sourceTree = "<group>"; };
		F09052F220261DC800B5CDF0 /* clock.cpp */ = {isa = PBXFileReference; lastKnownFileType = sourcecode.cpp.cpp; path = clock.cpp; sourceTree = "<group>"; };
		F09052F320261DC800B5CDF0 /* clock.hpp */ = {isa = PBXFileReference; lastKnownFileType = sourcecode.cpp.h; path = clock.hpp; sourceTree = "<group>"; };
		F0A514B32026275F00003BCF /* libboost_log-mt.dylib */ = {isa = PBXFileReference; lastKnownFileType = "compiled.mach-o.dylib"; name = "libboost_log-mt.dylib"; path = "../../../../../opt/local/lib/libboost_log-mt.dylib"; sourceTree = "<group>"; };
		F0A514B520262C1B00003BCF /* libboost_timer-mt.a */ = {isa = PBXFileReference; lastKnownFileType = archive.ar; name = "libboost_timer-mt.a"; path = "../../../../../opt/local/lib/libboost_timer-mt.a"; sourceTree = "<group>"; };
		F0A514B720262C3100003BCF /* libboost_system-mt.a */ = {isa = PBXFileReference; lastKnownFileType = archive.ar; name = "libboost_system-mt.a"; path = "../../../../../opt/local/lib/libboost_system-mt.a"; sourceTree = "<group>"; };
		F0A514B9202630E300003BCF /* libboost_thread-mt.dylib */ = {isa = PBXFileReference; lastKnownFileType = "compiled.mach-o.dylib"; name = "libboost_thread-mt.dylib"; path = "../../../../../opt/local/lib/libboost_thread-mt.dylib"; sourceTree = "<group>"; };
/* End PBXFileReference section */

/* Begin PBXFrameworksBuildPhase section */
		F09052E520261D8400B5CDF0 /* Frameworks */ = {
			isa = PBXFrameworksBuildPhase;
			buildActionMask = 2147483647;
			files = (
				F00CB96C20272DA700681E0D /* libboost_log_setup-mt.dylib in Frameworks */,
				F00CB97320272DA700681E0D /* libboost_system-mt.dylib in Frameworks */,
				F00CB97A20272DA700681E0D /* libboost_timer-mt.dylib in Frameworks */,
				F0A514B42026275F00003BCF /* libboost_log-mt.dylib in Frameworks */,
				F070E8CA202723C00091F41C /* libboost_program_options-mt.dylib in Frameworks */,
				F0A514B620262C1B00003BCF /* libboost_timer-mt.a in Frameworks */,
			);
			runOnlyForDeploymentPostprocessing = 0;
		};
/* End PBXFrameworksBuildPhase section */

/* Begin PBXGroup section */
		F09052DF20261D8400B5CDF0 = {
			isa = PBXGroup;
			children = (
				F0A514BC2026458F00003BCF /* res */,
				F09052F520261DE000B5CDF0 /* src */,
				F09052F620261E6800B5CDF0 /* inc */,
				F09052E920261D8400B5CDF0 /* Products */,
				F0A514B22026275E00003BCF /* Frameworks */,
			);
			sourceTree = "<group>";
		};
		F09052E920261D8400B5CDF0 /* Products */ = {
			isa = PBXGroup;
			children = (
				F09052E820261D8400B5CDF0 /* BigBen */,
			);
			name = Products;
			sourceTree = "<group>";
		};
		F09052F520261DE000B5CDF0 /* src */ = {
			isa = PBXGroup;
			children = (
				F09052EB20261D8400B5CDF0 /* main.cpp */,
				F09052F220261DC800B5CDF0 /* clock.cpp */,
				F0619FA0202737B70059CF22 /* sound.cpp */,
			);
			path = src;
			sourceTree = "<group>";
		};
		F09052F620261E6800B5CDF0 /* inc */ = {
			isa = PBXGroup;
			children = (
				F09052F320261DC800B5CDF0 /* clock.hpp */,
				F0619FA1202737B70059CF22 /* sound.hpp */,
			);
			path = inc;
			sourceTree = "<group>";
		};
		F0A514B22026275E00003BCF /* Frameworks */ = {
			isa = PBXGroup;
			children = (
				F00CB94420272DA500681E0D /* libboost_atomic-mt.dylib */,
				F00CB94720272DA500681E0D /* libboost_chrono-mt.a */,
				F00CB95520272DA600681E0D /* libboost_chrono-mt.dylib */,
				F00CB95220272DA600681E0D /* libboost_container-mt.dylib */,
				F00CB95420272DA600681E0D /* libboost_context-mt.dylib */,
				F00CB96020272DA600681E0D /* libboost_coroutine-mt.dylib */,
				F00CB95E20272DA600681E0D /* libboost_date_time-mt.dylib */,
				F00CB95120272DA600681E0D /* libboost_filesystem-mt.dylib */,
				F00CB95920272DA600681E0D /* libboost_graph-mt.dylib */,
				F00CB95020272DA600681E0D /* libboost_iostreams-mt.dylib */,
				F00CB94E20272DA500681E0D /* libboost_locale-mt.dylib */,
				F00CB94820272DA500681E0D /* libboost_log_setup-mt.dylib */,
				F00CB95D20272DA600681E0D /* libboost_math_c99-mt.dylib */,
				F00CB94920272DA500681E0D /* libboost_math_c99f-mt.dylib */,
				F00CB94A20272DA500681E0D /* libboost_math_c99l-mt.dylib */,
				F00CB95B20272DA600681E0D /* libboost_math_tr1-mt.dylib */,
				F00CB96320272DA600681E0D /* libboost_math_tr1f-mt.dylib */,
				F00CB94520272DA500681E0D /* libboost_math_tr1l-mt.dylib */,
				F00CB94620272DA500681E0D /* libboost_numpy-mt.dylib */,
				F00CB95820272DA600681E0D /* libboost_prg_exec_monitor-mt.dylib */,
				F00CB95F20272DA600681E0D /* libboost_python-mt.dylib */,
				F00CB94120272DA500681E0D /* libboost_random-mt.dylib */,
				F00CB94B20272DA500681E0D /* libboost_regex-mt.dylib */,
				F00CB95320272DA600681E0D /* libboost_serialization-mt.dylib */,
				F00CB94220272DA500681E0D /* libboost_signals-mt.dylib */,
				F00CB96420272DA600681E0D /* libboost_stacktrace_addr2line-mt.dylib */,
				F00CB94C20272DA500681E0D /* libboost_stacktrace_basic-mt.dylib */,
				F00CB94D20272DA500681E0D /* libboost_stacktrace_noop-mt.dylib */,
				F00CB94F20272DA500681E0D /* libboost_system-mt.dylib */,
				F00CB96220272DA600681E0D /* libboost_test_exec_monitor-mt.a */,
				F00CB95620272DA600681E0D /* libboost_timer-mt.dylib */,
				F00CB94320272DA500681E0D /* libboost_type_erasure-mt.dylib */,
				F00CB95720272DA600681E0D /* libboost_unit_test_framework-mt.a */,
				F00CB95A20272DA600681E0D /* libboost_unit_test_framework-mt.dylib */,
				F00CB96120272DA600681E0D /* libboost_wave-mt.dylib */,
				F00CB95C20272DA600681E0D /* libboost_wserialization-mt.dylib */,
				F00CB93F20272D2200681E0D /* libboost_exception-mt.a */,
				F070E8C9202723C00091F41C /* libboost_program_options-mt.dylib */,
				F0A514B9202630E300003BCF /* libboost_thread-mt.dylib */,
				F0A514B720262C3100003BCF /* libboost_system-mt.a */,
				F0A514B520262C1B00003BCF /* libboost_timer-mt.a */,
				F0A514B32026275F00003BCF /* libboost_log-mt.dylib */,
			);
			name = Frameworks;
			sourceTree = "<group>";
		};
		F0A514BC2026458F00003BCF /* res */ = {
			isa = PBXGroup;
			children = (
				F0A514BD2026459800003BCF /* bigben */,
			);
			path = res;
			sourceTree = "<group>";
		};
		F0A514BD2026459800003BCF /* bigben */ = {
			isa = PBXGroup;
			children = (
			);
			path = bigben;
			sourceTree = "<group>";
		};
/* End PBXGroup section */

/* Begin PBXNativeTarget section */
		F09052E720261D8400B5CDF0 /* BigBen */ = {
			isa = PBXNativeTarget;
			buildConfigurationList = F09052EF20261D8400B5CDF0 /* Build configuration list for PBXNativeTarget "BigBen" */;
			buildPhases = (
				F09052E420261D8400B5CDF0 /* Sources */,
				F09052E520261D8400B5CDF0 /* Frameworks */,
				F09052E620261D8400B5CDF0 /* CopyFiles */,
			);
			buildRules = (
			);
			dependencies = (
			);
			name = BigBen;
			productName = BigBen;
			productReference = F09052E820261D8400B5CDF0 /* BigBen */;
			productType = "com.apple.product-type.tool";
		};
/* End PBXNativeTarget section */

/* Begin PBXProject section */
		F09052E020261D8400B5CDF0 /* Project object */ = {
			isa = PBXProject;
			attributes = {
				LastUpgradeCheck = 0920;
				ORGANIZATIONNAME = Silence;
				TargetAttributes = {
					F09052E720261D8400B5CDF0 = {
						CreatedOnToolsVersion = 9.2;
						ProvisioningStyle = Automatic;
					};
				};
			};
			buildConfigurationList = F09052E320261D8400B5CDF0 /* Build configuration list for PBXProject "BigBen" */;
			compatibilityVersion = "Xcode 8.0";
			developmentRegion = en;
			hasScannedForEncodings = 0;
			knownRegions = (
				en,
			);
			mainGroup = F09052DF20261D8400B5CDF0;
			productRefGroup = F09052E920261D8400B5CDF0 /* Products */;
			projectDirPath = "";
			projectRoot = "";
			targets = (
				F09052E720261D8400B5CDF0 /* BigBen */,
			);
		};
/* End PBXProject section */

/* Begin PBXSourcesBuildPhase section */
		F09052E420261D8400B5CDF0 /* Sources */ = {
			isa = PBXSourcesBuildPhase;
			buildActionMask = 2147483647;
			files = (
				F09052F420261DC800B5CDF0 /* clock.cpp in Sources */,
				F0619FA2202737B70059CF22 /* sound.cpp in Sources */,
				F09052EC20261D8400B5CDF0 /* main.cpp in Sources */,
			);
			runOnlyForDeploymentPostprocessing = 0;
		};
/* End PBXSourcesBuildPhase section */

/* Begin XCBuildConfiguration section */
		F09052ED20261D8400B5CDF0 /* Debug */ = {
			isa = XCBuildConfiguration;
			buildSettings = {
				ALWAYS_SEARCH_USER_PATHS = NO;
				CLANG_ANALYZER_NONNULL = YES;
				CLANG_ANALYZER_NUMBER_OBJECT_CONVERSION = YES_AGGRESSIVE;
				CLANG_CXX_LANGUAGE_STANDARD = "gnu++14";
				CLANG_CXX_LIBRARY = "libc++";
				CLANG_ENABLE_MODULES = YES;
				CLANG_ENABLE_OBJC_ARC = YES;
				CLANG_WARN_BLOCK_CAPTURE_AUTORELEASING = YES;
				CLANG_WARN_BOOL_CONVERSION = YES;
				CLANG_WARN_COMMA = YES;
				CLANG_WARN_CONSTANT_CONVERSION = YES;
				CLANG_WARN_DIRECT_OBJC_ISA_USAGE = YES_ERROR;
				CLANG_WARN_DOCUMENTATION_COMMENTS = YES;
				CLANG_WARN_EMPTY_BODY = YES;
				CLANG_WARN_ENUM_CONVERSION = YES;
				CLANG_WARN_INFINITE_RECURSION = YES;
				CLANG_WARN_INT_CONVERSION = YES;
				CLANG_WARN_NON_LITERAL_NULL_CONVERSION = YES;
				CLANG_WARN_OBJC_LITERAL_CONVERSION = YES;
				CLANG_WARN_OBJC_ROOT_CLASS = YES_ERROR;
				CLANG_WARN_RANGE_LOOP_ANALYSIS = YES;
				CLANG_WARN_STRICT_PROTOTYPES = YES;
				CLANG_WARN_SUSPICIOUS_MOVE = YES;
				CLANG_WARN_UNGUARDED_AVAILABILITY = YES_AGGRESSIVE;
				CLANG_WARN_UNREACHABLE_CODE = YES;
				CLANG_WARN__DUPLICATE_METHOD_MATCH = YES;
				CODE_SIGN_IDENTITY = "Mac Developer";
				COPY_PHASE_STRIP = NO;
				DEBUG_INFORMATION_FORMAT = dwarf;
				ENABLE_STRICT_OBJC_MSGSEND = YES;
				ENABLE_TESTABILITY = YES;
				GCC_C_LANGUAGE_STANDARD = gnu11;
				GCC_DYNAMIC_NO_PIC = NO;
				GCC_NO_COMMON_BLOCKS = YES;
				GCC_OPTIMIZATION_LEVEL = 0;
				GCC_PREPROCESSOR_DEFINITIONS = (
					"DEBUG=1",
					"$(inherited)",
				);
				GCC_WARN_64_TO_32_BIT_CONVERSION = YES;
				GCC_WARN_ABOUT_RETURN_TYPE = YES_ERROR;
				GCC_WARN_UNDECLARED_SELECTOR = YES;
				GCC_WARN_UNINITIALIZED_AUTOS = YES_AGGRESSIVE;
				GCC_WARN_UNUSED_FUNCTION = YES;
				GCC_WARN_UNUSED_VARIABLE = YES;
				HEADER_SEARCH_PATHS = "";
				MACOSX_DEPLOYMENT_TARGET = 10.13;
				MTL_ENABLE_DEBUG_INFO = YES;
				ONLY_ACTIVE_ARCH = YES;
				SDKROOT = macosx;
			};
			name = Debug;
		};
		F09052EE20261D8400B5CDF0 /* Release */ = {
			isa = XCBuildConfiguration;
			buildSettings = {
				ALWAYS_SEARCH_USER_PATHS = NO;
				CLANG_ANALYZER_NONNULL = YES;
				CLANG_ANALYZER_NUMBER_OBJECT_CONVERSION = YES_AGGRESSIVE;
				CLANG_CXX_LANGUAGE_STANDARD = "gnu++14";
				CLANG_CXX_LIBRARY = "libc++";
				CLANG_ENABLE_MODULES = YES;
				CLANG_ENABLE_OBJC_ARC = YES;
				CLANG_WARN_BLOCK_CAPTURE_AUTORELEASING = YES;
				CLANG_WARN_BOOL_CONVERSION = YES;
				CLANG_WARN_COMMA = YES;
				CLANG_WARN_CONSTANT_CONVERSION = YES;
				CLANG_WARN_DIRECT_OBJC_ISA_USAGE = YES_ERROR;
				CLANG_WARN_DOCUMENTATION_COMMENTS = YES;
				CLANG_WARN_EMPTY_BODY = YES;
				CLANG_WARN_ENUM_CONVERSION = YES;
				CLANG_WARN_INFINITE_RECURSION = YES;
				CLANG_WARN_INT_CONVERSION = YES;
				CLANG_WARN_NON_LITERAL_NULL_CONVERSION = YES;
				CLANG_WARN_OBJC_LITERAL_CONVERSION = YES;
				CLANG_WARN_OBJC_ROOT_CLASS = YES_ERROR;
				CLANG_WARN_RANGE_LOOP_ANALYSIS = YES;
				CLANG_WARN_STRICT_PROTOTYPES = YES;
				CLANG_WARN_SUSPICIOUS_MOVE = YES;
				CLANG_WARN_UNGUARDED_AVAILABILITY = YES_AGGRESSIVE;
				CLANG_WARN_UNREACHABLE_CODE = YES;
				CLANG_WARN__DUPLICATE_METHOD_MATCH = YES;
				CODE_SIGN_IDENTITY = "Mac Developer";
				COPY_PHASE_STRIP = NO;
				DEBUG_INFORMATION_FORMAT = "dwarf-with-dsym";
				ENABLE_NS_ASSERTIONS = NO;
				ENABLE_STRICT_OBJC_MSGSEND = YES;
				GCC_C_LANGUAGE_STANDARD = gnu11;
				GCC_NO_COMMON_BLOCKS = YES;
				GCC_WARN_64_TO_32_BIT_CONVERSION = YES;
				GCC_WARN_ABOUT_RETURN_TYPE = YES_ERROR;
				GCC_WARN_UNDECLARED_SELECTOR = YES;
				GCC_WARN_UNINITIALIZED_AUTOS = YES_AGGRESSIVE;
				GCC_WARN_UNUSED_FUNCTION = YES;
				GCC_WARN_UNUSED_VARIABLE = YES;
				HEADER_SEARCH_PATHS = "";
				MACOSX_DEPLOYMENT_TARGET = 10.13;
				MTL_ENABLE_DEBUG_INFO = NO;
				SDKROOT = macosx;
			};
			name = Release;
		};
		F09052F020261D8400B5CDF0 /* Debug */ = {
			isa = XCBuildConfiguration;
			buildSettings = {
				ALWAYS_SEARCH_USER_PATHS = NO;
				CODE_SIGN_STYLE = Automatic;
				DEVELOPMENT_TEAM = 2CX65XN64U;
				HEADER_SEARCH_PATHS = /opt/local/include;
				LIBRARY_SEARCH_PATHS = /opt/local/lib;
				PRODUCT_NAME = "$(TARGET_NAME)";
				USER_HEADER_SEARCH_PATHS = "${SRCROOT}/inc";
			};
			name = Debug;
		};
		F09052F120261D8400B5CDF0 /* Release */ = {
			isa = XCBuildConfiguration;
			buildSettings = {
				ALWAYS_SEARCH_USER_PATHS = NO;
				CODE_SIGN_STYLE = Automatic;
				DEVELOPMENT_TEAM = 2CX65XN64U;
				HEADER_SEARCH_PATHS = /opt/local/include;
				LIBRARY_SEARCH_PATHS = /opt/local/lib;
				PRODUCT_NAME = "$(TARGET_NAME)";
				USER_HEADER_SEARCH_PATHS = "${SRCROOT}/inc";
			};
			name = Release;
		};
/* End XCBuildConfiguration section */

/* Begin XCConfigurationList section */
		F09052E320261D8400B5CDF0 /* Build configuration list for PBXProject "BigBen" */ = {
			isa = XCConfigurationList;
			buildConfigurations = (
				F09052ED20261D8400B5CDF0 /* Debug */,
				F09052EE20261D8400B5CDF0 /* Release */,
			);
			defaultConfigurationIsVisible = 0;
			defaultConfigurationName = Release;
		};
		F09052EF20261D8400B5CDF0 /* Build configuration list for PBXNativeTarget "BigBen" */ = {
			isa = XCConfigurationList;
			buildConfigurations = (
				F09052F020261D8400B5CDF0 /* Debug */,
				F09052F120261D8400B5CDF0 /* Release */,
			);
			defaultConfigurationIsVisible = 0;
			defaultConfigurationName = Release;
		};
/* End XCConfigurationList section */
	};
	rootObject = F09052E020261D8400B5CDF0 /* Project object */;
}
